
Microsoft Visual Studio Solution File, Format Version 12.00
# Visual Studio 2013
VisualStudioVersion = 12.0.31101.0
MinimumVisualStudioVersion = 10.0.40219.1
Project("{FAE04EC0-301F-11D3-BF4B-00C04F79EFBC}") = "MyXFApp", "MyXFApp\MyXFApp\MyXFApp.csproj", "{1508091A-FE2B-43E8-B17F-09D83DAD0717}"
EndProject
Project("{FAE04EC0-301F-11D3-BF4B-00C04F79EFBC}") = "MyXFApp.iOS", "MyXFApp\MyXFApp.iOS\MyXFApp.iOS.csproj", "{8AA357DF-07EF-42A8-9389-FCA15F0709F6}"
EndProject
Project("{FAE04EC0-301F-11D3-BF4B-00C04F79EFBC}") = "MyXFApp.Android", "MyXFApp\MyXFApp.Android\MyXFApp.Android.csproj", "{54B92A77-91E6-422B-8200-2BBC6325199D}"
EndProject
Project("{FAE04EC0-301F-11D3-BF4B-00C04F79EFBC}") = "MyXFApp.WinPhone", "MyXFApp\MyXFApp.WinPhone\MyXFApp.WinPhone.csproj", "{8E09B5E0-CC75-4A98-8254-4BD05B123E87}"
EndProject
Global
	GlobalSection(SolutionConfigurationPlatforms) = preSolution
		Ad-Hoc|Any CPU = Ad-Hoc|Any CPU
		Ad-Hoc|ARM = Ad-Hoc|ARM
		Ad-Hoc|iPhone = Ad-Hoc|iPhone
		Ad-Hoc|iPhoneSimulator = Ad-Hoc|iPhoneSimulator
		Ad-Hoc|Mixed Platforms = Ad-Hoc|Mixed Platforms
		Ad-Hoc|x86 = Ad-Hoc|x86
		AppStore|Any CPU = AppStore|Any CPU
		AppStore|ARM = AppStore|ARM
		AppStore|iPhone = AppStore|iPhone
		AppStore|iPhoneSimulator = AppStore|iPhoneSimulator
		AppStore|Mixed Platforms = AppStore|Mixed Platforms
		AppStore|x86 = AppStore|x86
		Debug|Any CPU = Debug|Any CPU
		Debug|ARM = Debug|ARM
		Debug|iPhone = Debug|iPhone
		Debug|iPhoneSimulator = Debug|iPhoneSimulator
		Debug|Mixed Platforms = Debug|Mixed Platforms
		Debug|x86 = Debug|x86
		Release|Any CPU = Release|Any CPU
		Release|ARM = Release|ARM
		Release|iPhone = Release|iPhone
		Release|iPhoneSimulator = Release|iPhoneSimulator
		Release|Mixed Platforms = Release|Mixed Platforms
		Release|x86 = Release|x86
	EndGlobalSection
	GlobalSection(ProjectConfigurationPlatforms) = postSolution
		{1508091A-FE2B-43E8-B17F-09D83DAD0717}.Ad-Hoc|Any CPU.ActiveCfg = Release|Any CPU
		{1508091A-FE2B-43E8-B17F-09D83DAD0717}.Ad-Hoc|Any CPU.Build.0 = Release|Any CPU
		{1508091A-FE2B-43E8-B17F-09D83DAD0717}.Ad-Hoc|ARM.ActiveCfg = Release|Any CPU
		{1508091A-FE2B-43E8-B17F-09D83DAD0717}.Ad-Hoc|iPhone.ActiveCfg = Release|Any CPU
		{1508091A-FE2B-43E8-B17F-09D83DAD0717}.Ad-Hoc|iPhoneSimulator.ActiveCfg = Release|Any CPU
		{1508091A-FE2B-43E8-B17F-09D83DAD0717}.Ad-Hoc|Mixed Platforms.ActiveCfg = Release|Any CPU
		{1508091A-FE2B-43E8-B17F-09D83DAD0717}.Ad-Hoc|Mixed Platforms.Build.0 = Release|Any CPU
		{1508091A-FE2B-43E8-B17F-09D83DAD0717}.Ad-Hoc|x86.ActiveCfg = Release|Any CPU
		{1508091A-FE2B-43E8-B17F-09D83DAD0717}.AppStore|Any CPU.ActiveCfg = Release|Any CPU
		{1508091A-FE2B-43E8-B17F-09D83DAD0717}.AppStore|Any CPU.Build.0 = Release|Any CPU
		{1508091A-FE2B-43E8-B17F-09D83DAD0717}.AppStore|ARM.ActiveCfg = Release|Any CPU
		{1508091A-FE2B-43E8-B17F-09D83DAD0717}.AppStore|iPhone.ActiveCfg = Release|Any CPU
		{1508091A-FE2B-43E8-B17F-09D83DAD0717}.AppStore|iPhoneSimulator.ActiveCfg = Release|Any CPU
		{1508091A-FE2B-43E8-B17F-09D83DAD0717}.AppStore|Mixed Platforms.ActiveCfg = Release|Any CPU
		{1508091A-FE2B-43E8-B17F-09D83DAD0717}.AppStore|Mixed Platforms.Build.0 = Release|Any CPU
		{1508091A-FE2B-43E8-B17F-09D83DAD0717}.AppStore|x86.ActiveCfg = Release|Any CPU
		{1508091A-FE2B-43E8-B17F-09D83DAD0717}.Debug|Any CPU.ActiveCfg = Debug|Any CPU
		{1508091A-FE2B-43E8-B17F-09D83DAD0717}.Debug|Any CPU.Build.0 = Debug|Any CPU
		{1508091A-FE2B-43E8-B17F-09D83DAD0717}.Debug|ARM.ActiveCfg = Debug|Any CPU
		{1508091A-FE2B-43E8-B17F-09D83DAD0717}.Debug|iPhone.ActiveCfg = Debug|Any CPU
		{1508091A-FE2B-43E8-B17F-09D83DAD0717}.Debug|iPhoneSimulator.ActiveCfg = Debug|Any CPU
		{1508091A-FE2B-43E8-B17F-09D83DAD0717}.Debug|Mixed Platforms.ActiveCfg = Debug|Any CPU
		{1508091A-FE2B-43E8-B17F-09D83DAD0717}.Debug|Mixed Platforms.Build.0 = Debug|Any CPU
		{1508091A-FE2B-43E8-B17F-09D83DAD0717}.Debug|x86.ActiveCfg = Debug|Any CPU
		{1508091A-FE2B-43E8-B17F-09D83DAD0717}.Release|Any CPU.ActiveCfg = Release|Any CPU
		{1508091A-FE2B-43E8-B17F-09D83DAD0717}.Release|Any CPU.Build.0 = Release|Any CPU
		{1508091A-FE2B-43E8-B17F-09D83DAD0717}.Release|ARM.ActiveCfg = Release|Any CPU
		{1508091A-FE2B-43E8-B17F-09D83DAD0717}.Release|iPhone.ActiveCfg = Release|Any CPU
		{1508091A-FE2B-43E8-B17F-09D83DAD0717}.Release|iPhoneSimulator.ActiveCfg = Release|Any CPU
		{1508091A-FE2B-43E8-B17F-09D83DAD0717}.Release|Mixed Platforms.ActiveCfg = Release|Any CPU
		{1508091A-FE2B-43E8-B17F-09D83DAD0717}.Release|Mixed Platforms.Build.0 = Release|Any CPU
		{1508091A-FE2B-43E8-B17F-09D83DAD0717}.Release|x86.ActiveCfg = Release|Any CPU
		{8AA357DF-07EF-42A8-9389-FCA15F0709F6}.Ad-Hoc|Any CPU.ActiveCfg = Ad-Hoc|iPhone
		{8AA357DF-07EF-42A8-9389-FCA15F0709F6}.Ad-Hoc|ARM.ActiveCfg = Ad-Hoc|iPhone
		{8AA357DF-07EF-42A8-9389-FCA15F0709F6}.Ad-Hoc|iPhone.ActiveCfg = Ad-Hoc|iPhone
		{8AA357DF-07EF-42A8-9389-FCA15F0709F6}.Ad-Hoc|iPhone.Build.0 = Ad-Hoc|iPhone
		{8AA357DF-07EF-42A8-9389-FCA15F0709F6}.Ad-Hoc|iPhoneSimulator.ActiveCfg = Ad-Hoc|iPhoneSimulator
		{8AA357DF-07EF-42A8-9389-FCA15F0709F6}.Ad-Hoc|iPhoneSimulator.Build.0 = Ad-Hoc|iPhoneSimulator
		{8AA357DF-07EF-42A8-9389-FCA15F0709F6}.Ad-Hoc|Mixed Platforms.ActiveCfg = Ad-Hoc|iPhone
		{8AA357DF-07EF-42A8-9389-FCA15F0709F6}.Ad-Hoc|Mixed Platforms.Build.0 = Ad-Hoc|iPhone
		{8AA357DF-07EF-42A8-9389-FCA15F0709F6}.Ad-Hoc|x86.ActiveCfg = Ad-Hoc|iPhone
		{8AA357DF-07EF-42A8-9389-FCA15F0709F6}.AppStore|Any CPU.ActiveCfg = AppStore|iPhone
		{8AA357DF-07EF-42A8-9389-FCA15F0709F6}.AppStore|ARM.ActiveCfg = AppStore|iPhone
		{8AA357DF-07EF-42A8-9389-FCA15F0709F6}.AppStore|iPhone.ActiveCfg = AppStore|iPhone
		{8AA357DF-07EF-42A8-9389-FCA15F0709F6}.AppStore|iPhone.Build.0 = AppStore|iPhone
		{8AA357DF-07EF-42A8-9389-FCA15F0709F6}.AppStore|iPhoneSimulator.ActiveCfg = AppStore|iPhoneSimulator
		{8AA357DF-07EF-42A8-9389-FCA15F0709F6}.AppStore|iPhoneSimulator.Build.0 = AppStore|iPhoneSimulator
		{8AA357DF-07EF-42A8-9389-FCA15F0709F6}.AppStore|Mixed Platforms.ActiveCfg = AppStore|iPhone
		{8AA357DF-07EF-42A8-9389-FCA15F0709F6}.AppStore|Mixed Platforms.Build.0 = AppStore|iPhone
		{8AA357DF-07EF-42A8-9389-FCA15F0709F6}.AppStore|x86.ActiveCfg = AppStore|iPhone
		{8AA357DF-07EF-42A8-9389-FCA15F0709F6}.Debug|Any CPU.ActiveCfg = Debug|iPhone
		{8AA357DF-07EF-42A8-9389-FCA15F0709F6}.Debug|ARM.ActiveCfg = Debug|iPhone
		{8AA357DF-07EF-42A8-9389-FCA15F0709F6}.Debug|iPhone.ActiveCfg = Debug|iPhone
		{8AA357DF-07EF-42A8-9389-FCA15F0709F6}.Debug|iPhone.Build.0 = Debug|iPhone
		{8AA357DF-07EF-42A8-9389-FCA15F0709F6}.Debug|iPhoneSimulator.ActiveCfg = Debug|iPhoneSimulator
		{8AA357DF-07EF-42A8-9389-FCA15F0709F6}.Debug|iPhoneSimulator.Build.0 = Debug|iPhoneSimulator
		{8AA357DF-07EF-42A8-9389-FCA15F0709F6}.Debug|Mixed Platforms.ActiveCfg = Debug|iPhone
		{8AA357DF-07EF-42A8-9389-FCA15F0709F6}.Debug|Mixed Platforms.Build.0 = Debug|iPhone
		{8AA357DF-07EF-42A8-9389-FCA15F0709F6}.Debug|x86.ActiveCfg = Debug|iPhone
		{8AA357DF-07EF-42A8-9389-FCA15F0709F6}.Release|Any CPU.ActiveCfg = Release|iPhone
		{8AA357DF-07EF-42A8-9389-FCA15F0709F6}.Release|ARM.ActiveCfg = Release|iPhone
		{8AA357DF-07EF-42A8-9389-FCA15F0709F6}.Release|iPhone.ActiveCfg = Release|iPhone
		{8AA357DF-07EF-42A8-9389-FCA15F0709F6}.Release|iPhone.Build.0 = Release|iPhone
		{8AA357DF-07EF-42A8-9389-FCA15F0709F6}.Release|iPhoneSimulator.ActiveCfg = Release|iPhoneSimulator
		{8AA357DF-07EF-42A8-9389-FCA15F0709F6}.Release|iPhoneSimulator.Build.0 = Release|iPhoneSimulator
		{8AA357DF-07EF-42A8-9389-FCA15F0709F6}.Release|Mixed Platforms.ActiveCfg = Release|iPhone
		{8AA357DF-07EF-42A8-9389-FCA15F0709F6}.Release|Mixed Platforms.Build.0 = Release|iPhone
		{8AA357DF-07EF-42A8-9389-FCA15F0709F6}.Release|x86.ActiveCfg = Release|iPhone
		{54B92A77-91E6-422B-8200-2BBC6325199D}.Ad-Hoc|Any CPU.ActiveCfg = Release|Any CPU
		{54B92A77-91E6-422B-8200-2BBC6325199D}.Ad-Hoc|Any CPU.Build.0 = Release|Any CPU
		{54B92A77-91E6-422B-8200-2BBC6325199D}.Ad-Hoc|Any CPU.Deploy.0 = Release|Any CPU
		{54B92A77-91E6-422B-8200-2BBC6325199D}.Ad-Hoc|ARM.ActiveCfg = Release|Any CPU
		{54B92A77-91E6-422B-8200-2BBC6325199D}.Ad-Hoc|iPhone.ActiveCfg = Release|Any CPU
		{54B92A77-91E6-422B-8200-2BBC6325199D}.Ad-Hoc|iPhoneSimulator.ActiveCfg = Release|Any CPU
		{54B92A77-91E6-422B-8200-2BBC6325199D}.Ad-Hoc|Mixed Platforms.ActiveCfg = Release|Any CPU
		{54B92A77-91E6-422B-8200-2BBC6325199D}.Ad-Hoc|Mixed Platforms.Build.0 = Release|Any CPU
		{54B92A77-91E6-422B-8200-2BBC6325199D}.Ad-Hoc|Mixed Platforms.Deploy.0 = Release|Any CPU
		{54B92A77-91E6-422B-8200-2BBC6325199D}.Ad-Hoc|x86.ActiveCfg = Release|Any CPU
		{54B92A77-91E6-422B-8200-2BBC6325199D}.AppStore|Any CPU.ActiveCfg = Release|Any CPU
		{54B92A77-91E6-422B-8200-2BBC6325199D}.AppStore|Any CPU.Build.0 = Release|Any CPU
		{54B92A77-91E6-422B-8200-2BBC6325199D}.AppStore|Any CPU.Deploy.0 = Release|Any CPU
		{54B92A77-91E6-422B-8200-2BBC6325199D}.AppStore|ARM.ActiveCfg = Release|Any CPU
		{54B92A77-91E6-422B-8200-2BBC6325199D}.AppStore|iPhone.ActiveCfg = Release|Any CPU
		{54B92A77-91E6-422B-8200-2BBC6325199D}.AppStore|iPhoneSimulator.ActiveCfg = Release|Any CPU
		{54B92A77-91E6-422B-8200-2BBC6325199D}.AppStore|Mixed Platforms.ActiveCfg = Release|Any CPU
		{54B92A77-91E6-422B-8200-2BBC6325199D}.AppStore|Mixed Platforms.Build.0 = Release|Any CPU
		{54B92A77-91E6-422B-8200-2BBC6325199D}.AppStore|Mixed Platforms.Deploy.0 = Release|Any CPU
		{54B92A77-91E6-422B-8200-2BBC6325199D}.AppStore|x86.ActiveCfg = Release|Any CPU
		{54B92A77-91E6-422B-8200-2BBC6325199D}.Debug|Any CPU.ActiveCfg = Debug|Any CPU
		{54B92A77-91E6-422B-8200-2BBC6325199D}.Debug|Any CPU.Build.0 = Debug|Any CPU
		{54B92A77-91E6-422B-8200-2BBC6325199D}.Debug|Any CPU.Deploy.0 = Debug|Any CPU
		{54B92A77-91E6-422B-8200-2BBC6325199D}.Debug|ARM.ActiveCfg = Debug|Any CPU
		{54B92A77-91E6-422B-8200-2BBC6325199D}.Debug|iPhone.ActiveCfg = Debug|Any CPU
		{54B92A77-91E6-422B-8200-2BBC6325199D}.Debug|iPhoneSimulator.ActiveCfg = Debug|Any CPU
		{54B92A77-91E6-422B-8200-2BBC6325199D}.Debug|Mixed Platforms.ActiveCfg = Debug|Any CPU
		{54B92A77-91E6-422B-8200-2BBC6325199D}.Debug|Mixed Platforms.Build.0 = Debug|Any CPU
		{54B92A77-91E6-422B-8200-2BBC6325199D}.Debug|Mixed Platforms.Deploy.0 = Debug|Any CPU
		{54B92A77-91E6-422B-8200-2BBC6325199D}.Debug|x86.ActiveCfg = Debug|Any CPU
		{54B92A77-91E6-422B-8200-2BBC6325199D}.Release|Any CPU.ActiveCfg = Release|Any CPU
		{54B92A77-91E6-422B-8200-2BBC6325199D}.Release|Any CPU.Build.0 = Release|Any CPU
		{54B92A77-91E6-422B-8200-2BBC6325199D}.Release|Any CPU.Deploy.0 = Release|Any CPU
		{54B92A77-91E6-422B-8200-2BBC6325199D}.Release|ARM.ActiveCfg = Release|Any CPU
		{54B92A77-91E6-422B-8200-2BBC6325199D}.Release|iPhone.ActiveCfg = Release|Any CPU
		{54B92A77-91E6-422B-8200-2BBC6325199D}.Release|iPhoneSimulator.ActiveCfg = Release|Any CPU
		{54B92A77-91E6-422B-8200-2BBC6325199D}.Release|Mixed Platforms.ActiveCfg = Release|Any CPU
		{54B92A77-91E6-422B-8200-2BBC6325199D}.Release|Mixed Platforms.Build.0 = Release|Any CPU
		{54B92A77-91E6-422B-8200-2BBC6325199D}.Release|Mixed Platforms.Deploy.0 = Release|Any CPU
		{54B92A77-91E6-422B-8200-2BBC6325199D}.Release|x86.ActiveCfg = Release|Any CPU
		{8E09B5E0-CC75-4A98-8254-4BD05B123E87}.Ad-Hoc|Any CPU.ActiveCfg = Release|Any CPU
		{8E09B5E0-CC75-4A98-8254-4BD05B123E87}.Ad-Hoc|Any CPU.Build.0 = Release|Any CPU
		{8E09B5E0-CC75-4A98-8254-4BD05B123E87}.Ad-Hoc|Any CPU.Deploy.0 = Release|Any CPU
		{8E09B5E0-CC75-4A98-8254-4BD05B123E87}.Ad-Hoc|ARM.ActiveCfg = Release|ARM
		{8E09B5E0-CC75-4A98-8254-4BD05B123E87}.Ad-Hoc|ARM.Build.0 = Release|ARM
		{8E09B5E0-CC75-4A98-8254-4BD05B123E87}.Ad-Hoc|ARM.Deploy.0 = Release|ARM
		{8E09B5E0-CC75-4A98-8254-4BD05B123E87}.Ad-Hoc|iPhone.ActiveCfg = Release|Any CPU
		{8E09B5E0-CC75-4A98-8254-4BD05B123E87}.Ad-Hoc|iPhoneSimulator.ActiveCfg = Release|Any CPU
		{8E09B5E0-CC75-4A98-8254-4BD05B123E87}.Ad-Hoc|Mixed Platforms.ActiveCfg = Release|x86
		{8E09B5E0-CC75-4A98-8254-4BD05B123E87}.Ad-Hoc|Mixed Platforms.Build.0 = Release|x86
		{8E09B5E0-CC75-4A98-8254-4BD05B123E87}.Ad-Hoc|Mixed Platforms.Deploy.0 = Release|x86
		{8E09B5E0-CC75-4A98-8254-4BD05B123E87}.Ad-Hoc|x86.ActiveCfg = Release|x86
		{8E09B5E0-CC75-4A98-8254-4BD05B123E87}.Ad-Hoc|x86.Build.0 = Release|x86
		{8E09B5E0-CC75-4A98-8254-4BD05B123E87}.Ad-Hoc|x86.Deploy.0 = Release|x86
		{8E09B5E0-CC75-4A98-8254-4BD05B123E87}.AppStore|Any CPU.ActiveCfg = Release|Any CPU
		{8E09B5E0-CC75-4A98-8254-4BD05B123E87}.AppStore|Any CPU.Build.0 = Release|Any CPU
		{8E09B5E0-CC75-4A98-8254-4BD05B123E87}.AppStore|Any CPU.Deploy.0 = Release|Any CPU
		{8E09B5E0-CC75-4A98-8254-4BD05B123E87}.AppStore|ARM.ActiveCfg = Release|ARM
		{8E09B5E0-CC75-4A98-8254-4BD05B123E87}.AppStore|ARM.Build.0 = Release|ARM
		{8E09B5E0-CC75-4A98-8254-4BD05B123E87}.AppStore|ARM.Deploy.0 = Release|ARM
		{8E09B5E0-CC75-4A98-8254-4BD05B123E87}.AppStore|iPhone.ActiveCfg = Release|Any CPU
		{8E09B5E0-CC75-4A98-8254-4BD05B123E87}.AppStore|iPhoneSimulator.ActiveCfg = Release|Any CPU
		{8E09B5E0-CC75-4A98-8254-4BD05B123E87}.AppStore|Mixed Platforms.ActiveCfg = Release|x86
		{8E09B5E0-CC75-4A98-8254-4BD05B123E87}.AppStore|Mixed Platforms.Build.0 = Release|x86
		{8E09B5E0-CC75-4A98-8254-4BD05B123E87}.AppStore|Mixed Platforms.Deploy.0 = Release|x86
		{8E09B5E0-CC75-4A98-8254-4BD05B123E87}.AppStore|x86.ActiveCfg = Release|x86
		{8E09B5E0-CC75-4A98-8254-4BD05B123E87}.AppStore|x86.Build.0 = Release|x86
		{8E09B5E0-CC75-4A98-8254-4BD05B123E87}.AppStore|x86.Deploy.0 = Release|x86
		{8E09B5E0-CC75-4A98-8254-4BD05B123E87}.Debug|Any CPU.ActiveCfg = Debug|Any CPU
		{8E09B5E0-CC75-4A98-8254-4BD05B123E87}.Debug|Any CPU.Build.0 = Debug|Any CPU
		{8E09B5E0-CC75-4A98-8254-4BD05B123E87}.Debug|Any CPU.Deploy.0 = Debug|Any CPU
		{8E09B5E0-CC75-4A98-8254-4BD05B123E87}.Debug|ARM.ActiveCfg = Debug|ARM
		{8E09B5E0-CC75-4A98-8254-4BD05B123E87}.Debug|ARM.Build.0 = Debug|ARM
		{8E09B5E0-CC75-4A98-8254-4BD05B123E87}.Debug|ARM.Deploy.0 = Debug|ARM
		{8E09B5E0-CC75-4A98-8254-4BD05B123E87}.Debug|iPhone.ActiveCfg = Debug|Any CPU
		{8E09B5E0-CC75-4A98-8254-4BD05B123E87}.Debug|iPhoneSimulator.ActiveCfg = Debug|Any CPU
		{8E09B5E0-CC75-4A98-8254-4BD05B123E87}.Debug|Mixed Platforms.ActiveCfg = Debug|x86
		{8E09B5E0-CC75-4A98-8254-4BD05B123E87}.Debug|Mixed Platforms.Build.0 = Debug|x86
		{8E09B5E0-CC75-4A98-8254-4BD05B123E87}.Debug|Mixed Platforms.Deploy.0 = Debug|x86
		{8E09B5E0-CC75-4A98-8254-4BD05B123E87}.Debug|x86.ActiveCfg = Debug|x86
		{8E09B5E0-CC75-4A98-8254-4BD05B123E87}.Debug|x86.Build.0 = Debug|x86
		{8E09B5E0-CC75-4A98-8254-4BD05B123E87}.Debug|x86.Deploy.0 = Debug|x86
		{8E09B5E0-CC75-4A98-8254-4BD05B123E87}.Release|Any CPU.ActiveCfg = Release|Any CPU
		{8E09B5E0-CC75-4A98-8254-4BD05B123E87}.Release|Any CPU.Build.0 = Release|Any CPU
		{8E09B5E0-CC75-4A98-8254-4BD05B123E87}.Release|Any CPU.Deploy.0 = Release|Any CPU
		{8E09B5E0-CC75-4A98-8254-4BD05B123E87}.Release|ARM.ActiveCfg = Release|ARM
		{8E09B5E0-CC75-4A98-8254-4BD05B123E87}.Release|ARM.Build.0 = Release|ARM
		{8E09B5E0-CC75-4A98-8254-4BD05B123E87}.Release|ARM.Deploy.0 = Release|ARM
		{8E09B5E0-CC75-4A98-8254-4BD05B123E87}.Release|iPhone.ActiveCfg = Release|Any CPU
		{8E09B5E0-CC75-4A98-8254-4BD05B123E87}.Release|iPhoneSimulator.ActiveCfg = Release|Any CPU
		{8E09B5E0-CC75-4A98-8254-4BD05B123E87}.Release|Mixed Platforms.ActiveCfg = Release|x86
		{8E09B5E0-CC75-4A98-8254-4BD05B123E87}.Release|Mixed Platforms.Build.0 = Release|x86
		{8E09B5E0-CC75-4A98-8254-4BD05B123E87}.Release|Mixed Platforms.Deploy.0 = Release|x86
		{8E09B5E0-CC75-4A98-8254-4BD05B123E87}.Release|x86.ActiveCfg = Release|x86
		{8E09B5E0-CC75-4A98-8254-4BD05B123E87}.Release|x86.Build.0 = Release|x86
		{8E09B5E0-CC75-4A98-8254-4BD05B123E87}.Release|x86.Deploy.0 = Release|x86
	EndGlobalSection
	GlobalSection(SolutionProperties) = preSolution
		HideSolutionNode = FALSE
	EndGlobalSection
EndGlobal
