
Microsoft Visual Studio Solution File, Format Version 12.00
# Visual Studio 2013
VisualStudioVersion = 12.0.31101.0
MinimumVisualStudioVersion = 10.0.40219.1
Project("{FAE04EC0-301F-11D3-BF4B-00C04F79EFBC}") = "XFlayout", "XFlayout\XFlayout\XFlayout.csproj", "{16F68493-805F-43E3-AE91-4A309BCA2D3C}"
EndProject
Project("{FAE04EC0-301F-11D3-BF4B-00C04F79EFBC}") = "XFlayout.iOS", "XFlayout\XFlayout.iOS\XFlayout.iOS.csproj", "{05839ED5-C915-4486-A77B-60738F59484B}"
EndProject
Project("{FAE04EC0-301F-11D3-BF4B-00C04F79EFBC}") = "XFlayout.Android", "XFlayout\XFlayout.Android\XFlayout.Android.csproj", "{C3454828-3D43-4B9C-B253-992E111AF319}"
EndProject
Project("{FAE04EC0-301F-11D3-BF4B-00C04F79EFBC}") = "XFlayout.WinPhone", "XFlayout\XFlayout.WinPhone\XFlayout.WinPhone.csproj", "{08874455-B450-447A-B519-FE61BC1E58F0}"
EndProject
Global
	GlobalSection(SolutionConfigurationPlatforms) = preSolution
		Ad-Hoc|Any CPU = Ad-Hoc|Any CPU
		Ad-Hoc|ARM = Ad-Hoc|ARM
		Ad-Hoc|iPhone = Ad-Hoc|iPhone
		Ad-Hoc|iPhoneSimulator = Ad-Hoc|iPhoneSimulator
		Ad-Hoc|Mixed Platforms = Ad-Hoc|Mixed Platforms
		Ad-Hoc|x86 = Ad-Hoc|x86
		AppStore|Any CPU = AppStore|Any CPU
		AppStore|ARM = AppStore|ARM
		AppStore|iPhone = AppStore|iPhone
		AppStore|iPhoneSimulator = AppStore|iPhoneSimulator
		AppStore|Mixed Platforms = AppStore|Mixed Platforms
		AppStore|x86 = AppStore|x86
		Debug|Any CPU = Debug|Any CPU
		Debug|ARM = Debug|ARM
		Debug|iPhone = Debug|iPhone
		Debug|iPhoneSimulator = Debug|iPhoneSimulator
		Debug|Mixed Platforms = Debug|Mixed Platforms
		Debug|x86 = Debug|x86
		Release|Any CPU = Release|Any CPU
		Release|ARM = Release|ARM
		Release|iPhone = Release|iPhone
		Release|iPhoneSimulator = Release|iPhoneSimulator
		Release|Mixed Platforms = Release|Mixed Platforms
		Release|x86 = Release|x86
	EndGlobalSection
	GlobalSection(ProjectConfigurationPlatforms) = postSolution
		{16F68493-805F-43E3-AE91-4A309BCA2D3C}.Ad-Hoc|Any CPU.ActiveCfg = Release|Any CPU
		{16F68493-805F-43E3-AE91-4A309BCA2D3C}.Ad-Hoc|Any CPU.Build.0 = Release|Any CPU
		{16F68493-805F-43E3-AE91-4A309BCA2D3C}.Ad-Hoc|ARM.ActiveCfg = Release|Any CPU
		{16F68493-805F-43E3-AE91-4A309BCA2D3C}.Ad-Hoc|iPhone.ActiveCfg = Release|Any CPU
		{16F68493-805F-43E3-AE91-4A309BCA2D3C}.Ad-Hoc|iPhoneSimulator.ActiveCfg = Release|Any CPU
		{16F68493-805F-43E3-AE91-4A309BCA2D3C}.Ad-Hoc|Mixed Platforms.ActiveCfg = Release|Any CPU
		{16F68493-805F-43E3-AE91-4A309BCA2D3C}.Ad-Hoc|Mixed Platforms.Build.0 = Release|Any CPU
		{16F68493-805F-43E3-AE91-4A309BCA2D3C}.Ad-Hoc|x86.ActiveCfg = Release|Any CPU
		{16F68493-805F-43E3-AE91-4A309BCA2D3C}.AppStore|Any CPU.ActiveCfg = Release|Any CPU
		{16F68493-805F-43E3-AE91-4A309BCA2D3C}.AppStore|Any CPU.Build.0 = Release|Any CPU
		{16F68493-805F-43E3-AE91-4A309BCA2D3C}.AppStore|ARM.ActiveCfg = Release|Any CPU
		{16F68493-805F-43E3-AE91-4A309BCA2D3C}.AppStore|iPhone.ActiveCfg = Release|Any CPU
		{16F68493-805F-43E3-AE91-4A309BCA2D3C}.AppStore|iPhoneSimulator.ActiveCfg = Release|Any CPU
		{16F68493-805F-43E3-AE91-4A309BCA2D3C}.AppStore|Mixed Platforms.ActiveCfg = Release|Any CPU
		{16F68493-805F-43E3-AE91-4A309BCA2D3C}.AppStore|Mixed Platforms.Build.0 = Release|Any CPU
		{16F68493-805F-43E3-AE91-4A309BCA2D3C}.AppStore|x86.ActiveCfg = Release|Any CPU
		{16F68493-805F-43E3-AE91-4A309BCA2D3C}.Debug|Any CPU.ActiveCfg = Debug|Any CPU
		{16F68493-805F-43E3-AE91-4A309BCA2D3C}.Debug|Any CPU.Build.0 = Debug|Any CPU
		{16F68493-805F-43E3-AE91-4A309BCA2D3C}.Debug|ARM.ActiveCfg = Debug|Any CPU
		{16F68493-805F-43E3-AE91-4A309BCA2D3C}.Debug|iPhone.ActiveCfg = Debug|Any CPU
		{16F68493-805F-43E3-AE91-4A309BCA2D3C}.Debug|iPhoneSimulator.ActiveCfg = Debug|Any CPU
		{16F68493-805F-43E3-AE91-4A309BCA2D3C}.Debug|Mixed Platforms.ActiveCfg = Debug|Any CPU
		{16F68493-805F-43E3-AE91-4A309BCA2D3C}.Debug|Mixed Platforms.Build.0 = Debug|Any CPU
		{16F68493-805F-43E3-AE91-4A309BCA2D3C}.Debug|x86.ActiveCfg = Debug|Any CPU
		{16F68493-805F-43E3-AE91-4A309BCA2D3C}.Release|Any CPU.ActiveCfg = Release|Any CPU
		{16F68493-805F-43E3-AE91-4A309BCA2D3C}.Release|Any CPU.Build.0 = Release|Any CPU
		{16F68493-805F-43E3-AE91-4A309BCA2D3C}.Release|ARM.ActiveCfg = Release|Any CPU
		{16F68493-805F-43E3-AE91-4A309BCA2D3C}.Release|iPhone.ActiveCfg = Release|Any CPU
		{16F68493-805F-43E3-AE91-4A309BCA2D3C}.Release|iPhoneSimulator.ActiveCfg = Release|Any CPU
		{16F68493-805F-43E3-AE91-4A309BCA2D3C}.Release|Mixed Platforms.ActiveCfg = Release|Any CPU
		{16F68493-805F-43E3-AE91-4A309BCA2D3C}.Release|Mixed Platforms.Build.0 = Release|Any CPU
		{16F68493-805F-43E3-AE91-4A309BCA2D3C}.Release|x86.ActiveCfg = Release|Any CPU
		{05839ED5-C915-4486-A77B-60738F59484B}.Ad-Hoc|Any CPU.ActiveCfg = Ad-Hoc|iPhone
		{05839ED5-C915-4486-A77B-60738F59484B}.Ad-Hoc|ARM.ActiveCfg = Ad-Hoc|iPhone
		{05839ED5-C915-4486-A77B-60738F59484B}.Ad-Hoc|iPhone.ActiveCfg = Ad-Hoc|iPhone
		{05839ED5-C915-4486-A77B-60738F59484B}.Ad-Hoc|iPhone.Build.0 = Ad-Hoc|iPhone
		{05839ED5-C915-4486-A77B-60738F59484B}.Ad-Hoc|iPhoneSimulator.ActiveCfg = Ad-Hoc|iPhoneSimulator
		{05839ED5-C915-4486-A77B-60738F59484B}.Ad-Hoc|iPhoneSimulator.Build.0 = Ad-Hoc|iPhoneSimulator
		{05839ED5-C915-4486-A77B-60738F59484B}.Ad-Hoc|Mixed Platforms.ActiveCfg = Ad-Hoc|iPhone
		{05839ED5-C915-4486-A77B-60738F59484B}.Ad-Hoc|Mixed Platforms.Build.0 = Ad-Hoc|iPhone
		{05839ED5-C915-4486-A77B-60738F59484B}.Ad-Hoc|x86.ActiveCfg = Ad-Hoc|iPhone
		{05839ED5-C915-4486-A77B-60738F59484B}.AppStore|Any CPU.ActiveCfg = AppStore|iPhone
		{05839ED5-C915-4486-A77B-60738F59484B}.AppStore|ARM.ActiveCfg = AppStore|iPhone
		{05839ED5-C915-4486-A77B-60738F59484B}.AppStore|iPhone.ActiveCfg = AppStore|iPhone
		{05839ED5-C915-4486-A77B-60738F59484B}.AppStore|iPhone.Build.0 = AppStore|iPhone
		{05839ED5-C915-4486-A77B-60738F59484B}.AppStore|iPhoneSimulator.ActiveCfg = AppStore|iPhoneSimulator
		{05839ED5-C915-4486-A77B-60738F59484B}.AppStore|iPhoneSimulator.Build.0 = AppStore|iPhoneSimulator
		{05839ED5-C915-4486-A77B-60738F59484B}.AppStore|Mixed Platforms.ActiveCfg = AppStore|iPhone
		{05839ED5-C915-4486-A77B-60738F59484B}.AppStore|Mixed Platforms.Build.0 = AppStore|iPhone
		{05839ED5-C915-4486-A77B-60738F59484B}.AppStore|x86.ActiveCfg = AppStore|iPhone
		{05839ED5-C915-4486-A77B-60738F59484B}.Debug|Any CPU.ActiveCfg = Debug|iPhone
		{05839ED5-C915-4486-A77B-60738F59484B}.Debug|ARM.ActiveCfg = Debug|iPhone
		{05839ED5-C915-4486-A77B-60738F59484B}.Debug|iPhone.ActiveCfg = Debug|iPhone
		{05839ED5-C915-4486-A77B-60738F59484B}.Debug|iPhone.Build.0 = Debug|iPhone
		{05839ED5-C915-4486-A77B-60738F59484B}.Debug|iPhoneSimulator.ActiveCfg = Debug|iPhoneSimulator
		{05839ED5-C915-4486-A77B-60738F59484B}.Debug|iPhoneSimulator.Build.0 = Debug|iPhoneSimulator
		{05839ED5-C915-4486-A77B-60738F59484B}.Debug|Mixed Platforms.ActiveCfg = Debug|iPhone
		{05839ED5-C915-4486-A77B-60738F59484B}.Debug|Mixed Platforms.Build.0 = Debug|iPhone
		{05839ED5-C915-4486-A77B-60738F59484B}.Debug|x86.ActiveCfg = Debug|iPhone
		{05839ED5-C915-4486-A77B-60738F59484B}.Release|Any CPU.ActiveCfg = Release|iPhone
		{05839ED5-C915-4486-A77B-60738F59484B}.Release|ARM.ActiveCfg = Release|iPhone
		{05839ED5-C915-4486-A77B-60738F59484B}.Release|iPhone.ActiveCfg = Release|iPhone
		{05839ED5-C915-4486-A77B-60738F59484B}.Release|iPhone.Build.0 = Release|iPhone
		{05839ED5-C915-4486-A77B-60738F59484B}.Release|iPhoneSimulator.ActiveCfg = Release|iPhoneSimulator
		{05839ED5-C915-4486-A77B-60738F59484B}.Release|iPhoneSimulator.Build.0 = Release|iPhoneSimulator
		{05839ED5-C915-4486-A77B-60738F59484B}.Release|Mixed Platforms.ActiveCfg = Release|iPhone
		{05839ED5-C915-4486-A77B-60738F59484B}.Release|Mixed Platforms.Build.0 = Release|iPhone
		{05839ED5-C915-4486-A77B-60738F59484B}.Release|x86.ActiveCfg = Release|iPhone
		{C3454828-3D43-4B9C-B253-992E111AF319}.Ad-Hoc|Any CPU.ActiveCfg = Release|Any CPU
		{C3454828-3D43-4B9C-B253-992E111AF319}.Ad-Hoc|Any CPU.Build.0 = Release|Any CPU
		{C3454828-3D43-4B9C-B253-992E111AF319}.Ad-Hoc|Any CPU.Deploy.0 = Release|Any CPU
		{C3454828-3D43-4B9C-B253-992E111AF319}.Ad-Hoc|ARM.ActiveCfg = Release|Any CPU
		{C3454828-3D43-4B9C-B253-992E111AF319}.Ad-Hoc|iPhone.ActiveCfg = Release|Any CPU
		{C3454828-3D43-4B9C-B253-992E111AF319}.Ad-Hoc|iPhoneSimulator.ActiveCfg = Release|Any CPU
		{C3454828-3D43-4B9C-B253-992E111AF319}.Ad-Hoc|Mixed Platforms.ActiveCfg = Release|Any CPU
		{C3454828-3D43-4B9C-B253-992E111AF319}.Ad-Hoc|Mixed Platforms.Build.0 = Release|Any CPU
		{C3454828-3D43-4B9C-B253-992E111AF319}.Ad-Hoc|Mixed Platforms.Deploy.0 = Release|Any CPU
		{C3454828-3D43-4B9C-B253-992E111AF319}.Ad-Hoc|x86.ActiveCfg = Release|Any CPU
		{C3454828-3D43-4B9C-B253-992E111AF319}.AppStore|Any CPU.ActiveCfg = Release|Any CPU
		{C3454828-3D43-4B9C-B253-992E111AF319}.AppStore|Any CPU.Build.0 = Release|Any CPU
		{C3454828-3D43-4B9C-B253-992E111AF319}.AppStore|Any CPU.Deploy.0 = Release|Any CPU
		{C3454828-3D43-4B9C-B253-992E111AF319}.AppStore|ARM.ActiveCfg = Release|Any CPU
		{C3454828-3D43-4B9C-B253-992E111AF319}.AppStore|iPhone.ActiveCfg = Release|Any CPU
		{C3454828-3D43-4B9C-B253-992E111AF319}.AppStore|iPhoneSimulator.ActiveCfg = Release|Any CPU
		{C3454828-3D43-4B9C-B253-992E111AF319}.AppStore|Mixed Platforms.ActiveCfg = Release|Any CPU
		{C3454828-3D43-4B9C-B253-992E111AF319}.AppStore|Mixed Platforms.Build.0 = Release|Any CPU
		{C3454828-3D43-4B9C-B253-992E111AF319}.AppStore|Mixed Platforms.Deploy.0 = Release|Any CPU
		{C3454828-3D43-4B9C-B253-992E111AF319}.AppStore|x86.ActiveCfg = Release|Any CPU
		{C3454828-3D43-4B9C-B253-992E111AF319}.Debug|Any CPU.ActiveCfg = Debug|Any CPU
		{C3454828-3D43-4B9C-B253-992E111AF319}.Debug|Any CPU.Build.0 = Debug|Any CPU
		{C3454828-3D43-4B9C-B253-992E111AF319}.Debug|Any CPU.Deploy.0 = Debug|Any CPU
		{C3454828-3D43-4B9C-B253-992E111AF319}.Debug|ARM.ActiveCfg = Debug|Any CPU
		{C3454828-3D43-4B9C-B253-992E111AF319}.Debug|iPhone.ActiveCfg = Debug|Any CPU
		{C3454828-3D43-4B9C-B253-992E111AF319}.Debug|iPhoneSimulator.ActiveCfg = Debug|Any CPU
		{C3454828-3D43-4B9C-B253-992E111AF319}.Debug|Mixed Platforms.ActiveCfg = Debug|Any CPU
		{C3454828-3D43-4B9C-B253-992E111AF319}.Debug|Mixed Platforms.Build.0 = Debug|Any CPU
		{C3454828-3D43-4B9C-B253-992E111AF319}.Debug|Mixed Platforms.Deploy.0 = Debug|Any CPU
		{C3454828-3D43-4B9C-B253-992E111AF319}.Debug|x86.ActiveCfg = Debug|Any CPU
		{C3454828-3D43-4B9C-B253-992E111AF319}.Release|Any CPU.ActiveCfg = Release|Any CPU
		{C3454828-3D43-4B9C-B253-992E111AF319}.Release|Any CPU.Build.0 = Release|Any CPU
		{C3454828-3D43-4B9C-B253-992E111AF319}.Release|Any CPU.Deploy.0 = Release|Any CPU
		{C3454828-3D43-4B9C-B253-992E111AF319}.Release|ARM.ActiveCfg = Release|Any CPU
		{C3454828-3D43-4B9C-B253-992E111AF319}.Release|iPhone.ActiveCfg = Release|Any CPU
		{C3454828-3D43-4B9C-B253-992E111AF319}.Release|iPhoneSimulator.ActiveCfg = Release|Any CPU
		{C3454828-3D43-4B9C-B253-992E111AF319}.Release|Mixed Platforms.ActiveCfg = Release|Any CPU
		{C3454828-3D43-4B9C-B253-992E111AF319}.Release|Mixed Platforms.Build.0 = Release|Any CPU
		{C3454828-3D43-4B9C-B253-992E111AF319}.Release|Mixed Platforms.Deploy.0 = Release|Any CPU
		{C3454828-3D43-4B9C-B253-992E111AF319}.Release|x86.ActiveCfg = Release|Any CPU
		{08874455-B450-447A-B519-FE61BC1E58F0}.Ad-Hoc|Any CPU.ActiveCfg = Release|Any CPU
		{08874455-B450-447A-B519-FE61BC1E58F0}.Ad-Hoc|Any CPU.Build.0 = Release|Any CPU
		{08874455-B450-447A-B519-FE61BC1E58F0}.Ad-Hoc|Any CPU.Deploy.0 = Release|Any CPU
		{08874455-B450-447A-B519-FE61BC1E58F0}.Ad-Hoc|ARM.ActiveCfg = Release|ARM
		{08874455-B450-447A-B519-FE61BC1E58F0}.Ad-Hoc|ARM.Build.0 = Release|ARM
		{08874455-B450-447A-B519-FE61BC1E58F0}.Ad-Hoc|ARM.Deploy.0 = Release|ARM
		{08874455-B450-447A-B519-FE61BC1E58F0}.Ad-Hoc|iPhone.ActiveCfg = Release|Any CPU
		{08874455-B450-447A-B519-FE61BC1E58F0}.Ad-Hoc|iPhoneSimulator.ActiveCfg = Release|Any CPU
		{08874455-B450-447A-B519-FE61BC1E58F0}.Ad-Hoc|Mixed Platforms.ActiveCfg = Release|x86
		{08874455-B450-447A-B519-FE61BC1E58F0}.Ad-Hoc|Mixed Platforms.Build.0 = Release|x86
		{08874455-B450-447A-B519-FE61BC1E58F0}.Ad-Hoc|Mixed Platforms.Deploy.0 = Release|x86
		{08874455-B450-447A-B519-FE61BC1E58F0}.Ad-Hoc|x86.ActiveCfg = Release|x86
		{08874455-B450-447A-B519-FE61BC1E58F0}.Ad-Hoc|x86.Build.0 = Release|x86
		{08874455-B450-447A-B519-FE61BC1E58F0}.Ad-Hoc|x86.Deploy.0 = Release|x86
		{08874455-B450-447A-B519-FE61BC1E58F0}.AppStore|Any CPU.ActiveCfg = Release|Any CPU
		{08874455-B450-447A-B519-FE61BC1E58F0}.AppStore|Any CPU.Build.0 = Release|Any CPU
		{08874455-B450-447A-B519-FE61BC1E58F0}.AppStore|Any CPU.Deploy.0 = Release|Any CPU
		{08874455-B450-447A-B519-FE61BC1E58F0}.AppStore|ARM.ActiveCfg = Release|ARM
		{08874455-B450-447A-B519-FE61BC1E58F0}.AppStore|ARM.Build.0 = Release|ARM
		{08874455-B450-447A-B519-FE61BC1E58F0}.AppStore|ARM.Deploy.0 = Release|ARM
		{08874455-B450-447A-B519-FE61BC1E58F0}.AppStore|iPhone.ActiveCfg = Release|Any CPU
		{08874455-B450-447A-B519-FE61BC1E58F0}.AppStore|iPhoneSimulator.ActiveCfg = Release|Any CPU
		{08874455-B450-447A-B519-FE61BC1E58F0}.AppStore|Mixed Platforms.ActiveCfg = Release|x86
		{08874455-B450-447A-B519-FE61BC1E58F0}.AppStore|Mixed Platforms.Build.0 = Release|x86
		{08874455-B450-447A-B519-FE61BC1E58F0}.AppStore|Mixed Platforms.Deploy.0 = Release|x86
		{08874455-B450-447A-B519-FE61BC1E58F0}.AppStore|x86.ActiveCfg = Release|x86
		{08874455-B450-447A-B519-FE61BC1E58F0}.AppStore|x86.Build.0 = Release|x86
		{08874455-B450-447A-B519-FE61BC1E58F0}.AppStore|x86.Deploy.0 = Release|x86
		{08874455-B450-447A-B519-FE61BC1E58F0}.Debug|Any CPU.ActiveCfg = Debug|Any CPU
		{08874455-B450-447A-B519-FE61BC1E58F0}.Debug|Any CPU.Build.0 = Debug|Any CPU
		{08874455-B450-447A-B519-FE61BC1E58F0}.Debug|Any CPU.Deploy.0 = Debug|Any CPU
		{08874455-B450-447A-B519-FE61BC1E58F0}.Debug|ARM.ActiveCfg = Debug|ARM
		{08874455-B450-447A-B519-FE61BC1E58F0}.Debug|ARM.Build.0 = Debug|ARM
		{08874455-B450-447A-B519-FE61BC1E58F0}.Debug|ARM.Deploy.0 = Debug|ARM
		{08874455-B450-447A-B519-FE61BC1E58F0}.Debug|iPhone.ActiveCfg = Debug|Any CPU
		{08874455-B450-447A-B519-FE61BC1E58F0}.Debug|iPhoneSimulator.ActiveCfg = Debug|Any CPU
		{08874455-B450-447A-B519-FE61BC1E58F0}.Debug|Mixed Platforms.ActiveCfg = Debug|x86
		{08874455-B450-447A-B519-FE61BC1E58F0}.Debug|Mixed Platforms.Build.0 = Debug|x86
		{08874455-B450-447A-B519-FE61BC1E58F0}.Debug|Mixed Platforms.Deploy.0 = Debug|x86
		{08874455-B450-447A-B519-FE61BC1E58F0}.Debug|x86.ActiveCfg = Debug|x86
		{08874455-B450-447A-B519-FE61BC1E58F0}.Debug|x86.Build.0 = Debug|x86
		{08874455-B450-447A-B519-FE61BC1E58F0}.Debug|x86.Deploy.0 = Debug|x86
		{08874455-B450-447A-B519-FE61BC1E58F0}.Release|Any CPU.ActiveCfg = Release|Any CPU
		{08874455-B450-447A-B519-FE61BC1E58F0}.Release|Any CPU.Build.0 = Release|Any CPU
		{08874455-B450-447A-B519-FE61BC1E58F0}.Release|Any CPU.Deploy.0 = Release|Any CPU
		{08874455-B450-447A-B519-FE61BC1E58F0}.Release|ARM.ActiveCfg = Release|ARM
		{08874455-B450-447A-B519-FE61BC1E58F0}.Release|ARM.Build.0 = Release|ARM
		{08874455-B450-447A-B519-FE61BC1E58F0}.Release|ARM.Deploy.0 = Release|ARM
		{08874455-B450-447A-B519-FE61BC1E58F0}.Release|iPhone.ActiveCfg = Release|Any CPU
		{08874455-B450-447A-B519-FE61BC1E58F0}.Release|iPhoneSimulator.ActiveCfg = Release|Any CPU
		{08874455-B450-447A-B519-FE61BC1E58F0}.Release|Mixed Platforms.ActiveCfg = Release|x86
		{08874455-B450-447A-B519-FE61BC1E58F0}.Release|Mixed Platforms.Build.0 = Release|x86
		{08874455-B450-447A-B519-FE61BC1E58F0}.Release|Mixed Platforms.Deploy.0 = Release|x86
		{08874455-B450-447A-B519-FE61BC1E58F0}.Release|x86.ActiveCfg = Release|x86
		{08874455-B450-447A-B519-FE61BC1E58F0}.Release|x86.Build.0 = Release|x86
		{08874455-B450-447A-B519-FE61BC1E58F0}.Release|x86.Deploy.0 = Release|x86
	EndGlobalSection
	GlobalSection(SolutionProperties) = preSolution
		HideSolutionNode = FALSE
	EndGlobalSection
EndGlobal
