
Microsoft Visual Studio Solution File, Format Version 12.00
# Visual Studio 2013
VisualStudioVersion = 12.0.31101.0
MinimumVisualStudioVersion = 10.0.40219.1
Project("{FAE04EC0-301F-11D3-BF4B-00C04F79EFBC}") = "TakeAPicture", "TakeAPicture\TakeAPicture\TakeAPicture.csproj", "{EE856F45-C9B5-41D4-A3E5-0801EFB028E7}"
EndProject
Project("{FAE04EC0-301F-11D3-BF4B-00C04F79EFBC}") = "TakeAPicture.iOS", "TakeAPicture\TakeAPicture.iOS\TakeAPicture.iOS.csproj", "{27CEF5EB-4D1F-48E0-9281-FD315FAD5CDE}"
EndProject
Project("{FAE04EC0-301F-11D3-BF4B-00C04F79EFBC}") = "TakeAPicture.Android", "TakeAPicture\TakeAPicture.Android\TakeAPicture.Android.csproj", "{7FB5CE37-36AA-4B64-BC2D-7A46C40E14EE}"
EndProject
Global
	GlobalSection(SolutionConfigurationPlatforms) = preSolution
		Ad-Hoc|Any CPU = Ad-Hoc|Any CPU
		Ad-Hoc|ARM = Ad-Hoc|ARM
		Ad-Hoc|iPhone = Ad-Hoc|iPhone
		Ad-Hoc|iPhoneSimulator = Ad-Hoc|iPhoneSimulator
		Ad-Hoc|Mixed Platforms = Ad-Hoc|Mixed Platforms
		Ad-Hoc|x86 = Ad-Hoc|x86
		AppStore|Any CPU = AppStore|Any CPU
		AppStore|ARM = AppStore|ARM
		AppStore|iPhone = AppStore|iPhone
		AppStore|iPhoneSimulator = AppStore|iPhoneSimulator
		AppStore|Mixed Platforms = AppStore|Mixed Platforms
		AppStore|x86 = AppStore|x86
		Debug|Any CPU = Debug|Any CPU
		Debug|ARM = Debug|ARM
		Debug|iPhone = Debug|iPhone
		Debug|iPhoneSimulator = Debug|iPhoneSimulator
		Debug|Mixed Platforms = Debug|Mixed Platforms
		Debug|x86 = Debug|x86
		Release|Any CPU = Release|Any CPU
		Release|ARM = Release|ARM
		Release|iPhone = Release|iPhone
		Release|iPhoneSimulator = Release|iPhoneSimulator
		Release|Mixed Platforms = Release|Mixed Platforms
		Release|x86 = Release|x86
	EndGlobalSection
	GlobalSection(ProjectConfigurationPlatforms) = postSolution
		{EE856F45-C9B5-41D4-A3E5-0801EFB028E7}.Ad-Hoc|Any CPU.ActiveCfg = Release|Any CPU
		{EE856F45-C9B5-41D4-A3E5-0801EFB028E7}.Ad-Hoc|Any CPU.Build.0 = Release|Any CPU
		{EE856F45-C9B5-41D4-A3E5-0801EFB028E7}.Ad-Hoc|ARM.ActiveCfg = Release|Any CPU
		{EE856F45-C9B5-41D4-A3E5-0801EFB028E7}.Ad-Hoc|iPhone.ActiveCfg = Release|Any CPU
		{EE856F45-C9B5-41D4-A3E5-0801EFB028E7}.Ad-Hoc|iPhoneSimulator.ActiveCfg = Release|Any CPU
		{EE856F45-C9B5-41D4-A3E5-0801EFB028E7}.Ad-Hoc|Mixed Platforms.ActiveCfg = Release|Any CPU
		{EE856F45-C9B5-41D4-A3E5-0801EFB028E7}.Ad-Hoc|Mixed Platforms.Build.0 = Release|Any CPU
		{EE856F45-C9B5-41D4-A3E5-0801EFB028E7}.Ad-Hoc|x86.ActiveCfg = Release|Any CPU
		{EE856F45-C9B5-41D4-A3E5-0801EFB028E7}.AppStore|Any CPU.ActiveCfg = Release|Any CPU
		{EE856F45-C9B5-41D4-A3E5-0801EFB028E7}.AppStore|Any CPU.Build.0 = Release|Any CPU
		{EE856F45-C9B5-41D4-A3E5-0801EFB028E7}.AppStore|ARM.ActiveCfg = Release|Any CPU
		{EE856F45-C9B5-41D4-A3E5-0801EFB028E7}.AppStore|iPhone.ActiveCfg = Release|Any CPU
		{EE856F45-C9B5-41D4-A3E5-0801EFB028E7}.AppStore|iPhoneSimulator.ActiveCfg = Release|Any CPU
		{EE856F45-C9B5-41D4-A3E5-0801EFB028E7}.AppStore|Mixed Platforms.ActiveCfg = Release|Any CPU
		{EE856F45-C9B5-41D4-A3E5-0801EFB028E7}.AppStore|Mixed Platforms.Build.0 = Release|Any CPU
		{EE856F45-C9B5-41D4-A3E5-0801EFB028E7}.AppStore|x86.ActiveCfg = Release|Any CPU
		{EE856F45-C9B5-41D4-A3E5-0801EFB028E7}.Debug|Any CPU.ActiveCfg = Debug|Any CPU
		{EE856F45-C9B5-41D4-A3E5-0801EFB028E7}.Debug|Any CPU.Build.0 = Debug|Any CPU
		{EE856F45-C9B5-41D4-A3E5-0801EFB028E7}.Debug|ARM.ActiveCfg = Debug|Any CPU
		{EE856F45-C9B5-41D4-A3E5-0801EFB028E7}.Debug|iPhone.ActiveCfg = Debug|Any CPU
		{EE856F45-C9B5-41D4-A3E5-0801EFB028E7}.Debug|iPhoneSimulator.ActiveCfg = Debug|Any CPU
		{EE856F45-C9B5-41D4-A3E5-0801EFB028E7}.Debug|Mixed Platforms.ActiveCfg = Debug|Any CPU
		{EE856F45-C9B5-41D4-A3E5-0801EFB028E7}.Debug|Mixed Platforms.Build.0 = Debug|Any CPU
		{EE856F45-C9B5-41D4-A3E5-0801EFB028E7}.Debug|x86.ActiveCfg = Debug|Any CPU
		{EE856F45-C9B5-41D4-A3E5-0801EFB028E7}.Release|Any CPU.ActiveCfg = Release|Any CPU
		{EE856F45-C9B5-41D4-A3E5-0801EFB028E7}.Release|Any CPU.Build.0 = Release|Any CPU
		{EE856F45-C9B5-41D4-A3E5-0801EFB028E7}.Release|ARM.ActiveCfg = Release|Any CPU
		{EE856F45-C9B5-41D4-A3E5-0801EFB028E7}.Release|iPhone.ActiveCfg = Release|Any CPU
		{EE856F45-C9B5-41D4-A3E5-0801EFB028E7}.Release|iPhoneSimulator.ActiveCfg = Release|Any CPU
		{EE856F45-C9B5-41D4-A3E5-0801EFB028E7}.Release|Mixed Platforms.ActiveCfg = Release|Any CPU
		{EE856F45-C9B5-41D4-A3E5-0801EFB028E7}.Release|Mixed Platforms.Build.0 = Release|Any CPU
		{EE856F45-C9B5-41D4-A3E5-0801EFB028E7}.Release|x86.ActiveCfg = Release|Any CPU
		{27CEF5EB-4D1F-48E0-9281-FD315FAD5CDE}.Ad-Hoc|Any CPU.ActiveCfg = Ad-Hoc|iPhone
		{27CEF5EB-4D1F-48E0-9281-FD315FAD5CDE}.Ad-Hoc|ARM.ActiveCfg = Ad-Hoc|iPhone
		{27CEF5EB-4D1F-48E0-9281-FD315FAD5CDE}.Ad-Hoc|iPhone.ActiveCfg = Ad-Hoc|iPhone
		{27CEF5EB-4D1F-48E0-9281-FD315FAD5CDE}.Ad-Hoc|iPhone.Build.0 = Ad-Hoc|iPhone
		{27CEF5EB-4D1F-48E0-9281-FD315FAD5CDE}.Ad-Hoc|iPhoneSimulator.ActiveCfg = Ad-Hoc|iPhoneSimulator
		{27CEF5EB-4D1F-48E0-9281-FD315FAD5CDE}.Ad-Hoc|iPhoneSimulator.Build.0 = Ad-Hoc|iPhoneSimulator
		{27CEF5EB-4D1F-48E0-9281-FD315FAD5CDE}.Ad-Hoc|Mixed Platforms.ActiveCfg = Ad-Hoc|iPhone
		{27CEF5EB-4D1F-48E0-9281-FD315FAD5CDE}.Ad-Hoc|Mixed Platforms.Build.0 = Ad-Hoc|iPhone
		{27CEF5EB-4D1F-48E0-9281-FD315FAD5CDE}.Ad-Hoc|x86.ActiveCfg = Ad-Hoc|iPhone
		{27CEF5EB-4D1F-48E0-9281-FD315FAD5CDE}.AppStore|Any CPU.ActiveCfg = AppStore|iPhone
		{27CEF5EB-4D1F-48E0-9281-FD315FAD5CDE}.AppStore|ARM.ActiveCfg = AppStore|iPhone
		{27CEF5EB-4D1F-48E0-9281-FD315FAD5CDE}.AppStore|iPhone.ActiveCfg = AppStore|iPhone
		{27CEF5EB-4D1F-48E0-9281-FD315FAD5CDE}.AppStore|iPhone.Build.0 = AppStore|iPhone
		{27CEF5EB-4D1F-48E0-9281-FD315FAD5CDE}.AppStore|iPhoneSimulator.ActiveCfg = AppStore|iPhoneSimulator
		{27CEF5EB-4D1F-48E0-9281-FD315FAD5CDE}.AppStore|iPhoneSimulator.Build.0 = AppStore|iPhoneSimulator
		{27CEF5EB-4D1F-48E0-9281-FD315FAD5CDE}.AppStore|Mixed Platforms.ActiveCfg = AppStore|iPhone
		{27CEF5EB-4D1F-48E0-9281-FD315FAD5CDE}.AppStore|Mixed Platforms.Build.0 = AppStore|iPhone
		{27CEF5EB-4D1F-48E0-9281-FD315FAD5CDE}.AppStore|x86.ActiveCfg = AppStore|iPhone
		{27CEF5EB-4D1F-48E0-9281-FD315FAD5CDE}.Debug|Any CPU.ActiveCfg = Debug|iPhone
		{27CEF5EB-4D1F-48E0-9281-FD315FAD5CDE}.Debug|ARM.ActiveCfg = Debug|iPhone
		{27CEF5EB-4D1F-48E0-9281-FD315FAD5CDE}.Debug|iPhone.ActiveCfg = Debug|iPhone
		{27CEF5EB-4D1F-48E0-9281-FD315FAD5CDE}.Debug|iPhone.Build.0 = Debug|iPhone
		{27CEF5EB-4D1F-48E0-9281-FD315FAD5CDE}.Debug|iPhoneSimulator.ActiveCfg = Debug|iPhoneSimulator
		{27CEF5EB-4D1F-48E0-9281-FD315FAD5CDE}.Debug|iPhoneSimulator.Build.0 = Debug|iPhoneSimulator
		{27CEF5EB-4D1F-48E0-9281-FD315FAD5CDE}.Debug|Mixed Platforms.ActiveCfg = Debug|iPhone
		{27CEF5EB-4D1F-48E0-9281-FD315FAD5CDE}.Debug|Mixed Platforms.Build.0 = Debug|iPhone
		{27CEF5EB-4D1F-48E0-9281-FD315FAD5CDE}.Debug|x86.ActiveCfg = Debug|iPhone
		{27CEF5EB-4D1F-48E0-9281-FD315FAD5CDE}.Release|Any CPU.ActiveCfg = Release|iPhone
		{27CEF5EB-4D1F-48E0-9281-FD315FAD5CDE}.Release|ARM.ActiveCfg = Release|iPhone
		{27CEF5EB-4D1F-48E0-9281-FD315FAD5CDE}.Release|iPhone.ActiveCfg = Release|iPhone
		{27CEF5EB-4D1F-48E0-9281-FD315FAD5CDE}.Release|iPhone.Build.0 = Release|iPhone
		{27CEF5EB-4D1F-48E0-9281-FD315FAD5CDE}.Release|iPhoneSimulator.ActiveCfg = Release|iPhoneSimulator
		{27CEF5EB-4D1F-48E0-9281-FD315FAD5CDE}.Release|iPhoneSimulator.Build.0 = Release|iPhoneSimulator
		{27CEF5EB-4D1F-48E0-9281-FD315FAD5CDE}.Release|Mixed Platforms.ActiveCfg = Release|iPhone
		{27CEF5EB-4D1F-48E0-9281-FD315FAD5CDE}.Release|Mixed Platforms.Build.0 = Release|iPhone
		{27CEF5EB-4D1F-48E0-9281-FD315FAD5CDE}.Release|x86.ActiveCfg = Release|iPhone
		{7FB5CE37-36AA-4B64-BC2D-7A46C40E14EE}.Ad-Hoc|Any CPU.ActiveCfg = Release|Any CPU
		{7FB5CE37-36AA-4B64-BC2D-7A46C40E14EE}.Ad-Hoc|Any CPU.Build.0 = Release|Any CPU
		{7FB5CE37-36AA-4B64-BC2D-7A46C40E14EE}.Ad-Hoc|Any CPU.Deploy.0 = Release|Any CPU
		{7FB5CE37-36AA-4B64-BC2D-7A46C40E14EE}.Ad-Hoc|ARM.ActiveCfg = Release|Any CPU
		{7FB5CE37-36AA-4B64-BC2D-7A46C40E14EE}.Ad-Hoc|iPhone.ActiveCfg = Release|Any CPU
		{7FB5CE37-36AA-4B64-BC2D-7A46C40E14EE}.Ad-Hoc|iPhoneSimulator.ActiveCfg = Release|Any CPU
		{7FB5CE37-36AA-4B64-BC2D-7A46C40E14EE}.Ad-Hoc|Mixed Platforms.ActiveCfg = Release|Any CPU
		{7FB5CE37-36AA-4B64-BC2D-7A46C40E14EE}.Ad-Hoc|Mixed Platforms.Build.0 = Release|Any CPU
		{7FB5CE37-36AA-4B64-BC2D-7A46C40E14EE}.Ad-Hoc|Mixed Platforms.Deploy.0 = Release|Any CPU
		{7FB5CE37-36AA-4B64-BC2D-7A46C40E14EE}.Ad-Hoc|x86.ActiveCfg = Release|Any CPU
		{7FB5CE37-36AA-4B64-BC2D-7A46C40E14EE}.AppStore|Any CPU.ActiveCfg = Release|Any CPU
		{7FB5CE37-36AA-4B64-BC2D-7A46C40E14EE}.AppStore|Any CPU.Build.0 = Release|Any CPU
		{7FB5CE37-36AA-4B64-BC2D-7A46C40E14EE}.AppStore|Any CPU.Deploy.0 = Release|Any CPU
		{7FB5CE37-36AA-4B64-BC2D-7A46C40E14EE}.AppStore|ARM.ActiveCfg = Release|Any CPU
		{7FB5CE37-36AA-4B64-BC2D-7A46C40E14EE}.AppStore|iPhone.ActiveCfg = Release|Any CPU
		{7FB5CE37-36AA-4B64-BC2D-7A46C40E14EE}.AppStore|iPhoneSimulator.ActiveCfg = Release|Any CPU
		{7FB5CE37-36AA-4B64-BC2D-7A46C40E14EE}.AppStore|Mixed Platforms.ActiveCfg = Release|Any CPU
		{7FB5CE37-36AA-4B64-BC2D-7A46C40E14EE}.AppStore|Mixed Platforms.Build.0 = Release|Any CPU
		{7FB5CE37-36AA-4B64-BC2D-7A46C40E14EE}.AppStore|Mixed Platforms.Deploy.0 = Release|Any CPU
		{7FB5CE37-36AA-4B64-BC2D-7A46C40E14EE}.AppStore|x86.ActiveCfg = Release|Any CPU
		{7FB5CE37-36AA-4B64-BC2D-7A46C40E14EE}.Debug|Any CPU.ActiveCfg = Debug|Any CPU
		{7FB5CE37-36AA-4B64-BC2D-7A46C40E14EE}.Debug|Any CPU.Build.0 = Debug|Any CPU
		{7FB5CE37-36AA-4B64-BC2D-7A46C40E14EE}.Debug|Any CPU.Deploy.0 = Debug|Any CPU
		{7FB5CE37-36AA-4B64-BC2D-7A46C40E14EE}.Debug|ARM.ActiveCfg = Debug|Any CPU
		{7FB5CE37-36AA-4B64-BC2D-7A46C40E14EE}.Debug|iPhone.ActiveCfg = Debug|Any CPU
		{7FB5CE37-36AA-4B64-BC2D-7A46C40E14EE}.Debug|iPhoneSimulator.ActiveCfg = Debug|Any CPU
		{7FB5CE37-36AA-4B64-BC2D-7A46C40E14EE}.Debug|Mixed Platforms.ActiveCfg = Debug|Any CPU
		{7FB5CE37-36AA-4B64-BC2D-7A46C40E14EE}.Debug|Mixed Platforms.Build.0 = Debug|Any CPU
		{7FB5CE37-36AA-4B64-BC2D-7A46C40E14EE}.Debug|Mixed Platforms.Deploy.0 = Debug|Any CPU
		{7FB5CE37-36AA-4B64-BC2D-7A46C40E14EE}.Debug|x86.ActiveCfg = Debug|Any CPU
		{7FB5CE37-36AA-4B64-BC2D-7A46C40E14EE}.Release|Any CPU.ActiveCfg = Release|Any CPU
		{7FB5CE37-36AA-4B64-BC2D-7A46C40E14EE}.Release|Any CPU.Build.0 = Release|Any CPU
		{7FB5CE37-36AA-4B64-BC2D-7A46C40E14EE}.Release|Any CPU.Deploy.0 = Release|Any CPU
		{7FB5CE37-36AA-4B64-BC2D-7A46C40E14EE}.Release|ARM.ActiveCfg = Release|Any CPU
		{7FB5CE37-36AA-4B64-BC2D-7A46C40E14EE}.Release|iPhone.ActiveCfg = Release|Any CPU
		{7FB5CE37-36AA-4B64-BC2D-7A46C40E14EE}.Release|iPhoneSimulator.ActiveCfg = Release|Any CPU
		{7FB5CE37-36AA-4B64-BC2D-7A46C40E14EE}.Release|Mixed Platforms.ActiveCfg = Release|Any CPU
		{7FB5CE37-36AA-4B64-BC2D-7A46C40E14EE}.Release|Mixed Platforms.Build.0 = Release|Any CPU
		{7FB5CE37-36AA-4B64-BC2D-7A46C40E14EE}.Release|Mixed Platforms.Deploy.0 = Release|Any CPU
		{7FB5CE37-36AA-4B64-BC2D-7A46C40E14EE}.Release|x86.ActiveCfg = Release|Any CPU
	EndGlobalSection
	GlobalSection(SolutionProperties) = preSolution
		HideSolutionNode = FALSE
	EndGlobalSection
EndGlobal
