
Microsoft Visual Studio Solution File, Format Version 12.00
# Visual Studio 2013
VisualStudioVersion = 12.0.31101.0
MinimumVisualStudioVersion = 10.0.40219.1
Project("{FAE04EC0-301F-11D3-BF4B-00C04F79EFBC}") = "XFListView", "XFListView\XFListView\XFListView.csproj", "{54E81065-8581-4705-B03E-D0CDA3F8942C}"
EndProject
Project("{FAE04EC0-301F-11D3-BF4B-00C04F79EFBC}") = "XFListView.iOS", "XFListView\XFListView.iOS\XFListView.iOS.csproj", "{76386433-EF42-447C-B176-B8166872401F}"
EndProject
Project("{FAE04EC0-301F-11D3-BF4B-00C04F79EFBC}") = "XFListView.Android", "XFListView\XFListView.Android\XFListView.Android.csproj", "{229A9A82-4B80-453C-9B30-D165F88EA224}"
EndProject
Project("{FAE04EC0-301F-11D3-BF4B-00C04F79EFBC}") = "XFListView.WinPhone", "XFListView\XFListView.WinPhone\XFListView.WinPhone.csproj", "{C96730FC-D219-4ED1-84EE-A4C6850780A2}"
EndProject
Global
	GlobalSection(SolutionConfigurationPlatforms) = preSolution
		Ad-Hoc|Any CPU = Ad-Hoc|Any CPU
		Ad-Hoc|ARM = Ad-Hoc|ARM
		Ad-Hoc|iPhone = Ad-Hoc|iPhone
		Ad-Hoc|iPhoneSimulator = Ad-Hoc|iPhoneSimulator
		Ad-Hoc|Mixed Platforms = Ad-Hoc|Mixed Platforms
		Ad-Hoc|x86 = Ad-Hoc|x86
		AppStore|Any CPU = AppStore|Any CPU
		AppStore|ARM = AppStore|ARM
		AppStore|iPhone = AppStore|iPhone
		AppStore|iPhoneSimulator = AppStore|iPhoneSimulator
		AppStore|Mixed Platforms = AppStore|Mixed Platforms
		AppStore|x86 = AppStore|x86
		Debug|Any CPU = Debug|Any CPU
		Debug|ARM = Debug|ARM
		Debug|iPhone = Debug|iPhone
		Debug|iPhoneSimulator = Debug|iPhoneSimulator
		Debug|Mixed Platforms = Debug|Mixed Platforms
		Debug|x86 = Debug|x86
		Release|Any CPU = Release|Any CPU
		Release|ARM = Release|ARM
		Release|iPhone = Release|iPhone
		Release|iPhoneSimulator = Release|iPhoneSimulator
		Release|Mixed Platforms = Release|Mixed Platforms
		Release|x86 = Release|x86
	EndGlobalSection
	GlobalSection(ProjectConfigurationPlatforms) = postSolution
		{54E81065-8581-4705-B03E-D0CDA3F8942C}.Ad-Hoc|Any CPU.ActiveCfg = Release|Any CPU
		{54E81065-8581-4705-B03E-D0CDA3F8942C}.Ad-Hoc|Any CPU.Build.0 = Release|Any CPU
		{54E81065-8581-4705-B03E-D0CDA3F8942C}.Ad-Hoc|ARM.ActiveCfg = Release|Any CPU
		{54E81065-8581-4705-B03E-D0CDA3F8942C}.Ad-Hoc|iPhone.ActiveCfg = Release|Any CPU
		{54E81065-8581-4705-B03E-D0CDA3F8942C}.Ad-Hoc|iPhoneSimulator.ActiveCfg = Release|Any CPU
		{54E81065-8581-4705-B03E-D0CDA3F8942C}.Ad-Hoc|Mixed Platforms.ActiveCfg = Release|Any CPU
		{54E81065-8581-4705-B03E-D0CDA3F8942C}.Ad-Hoc|Mixed Platforms.Build.0 = Release|Any CPU
		{54E81065-8581-4705-B03E-D0CDA3F8942C}.Ad-Hoc|x86.ActiveCfg = Release|Any CPU
		{54E81065-8581-4705-B03E-D0CDA3F8942C}.AppStore|Any CPU.ActiveCfg = Release|Any CPU
		{54E81065-8581-4705-B03E-D0CDA3F8942C}.AppStore|Any CPU.Build.0 = Release|Any CPU
		{54E81065-8581-4705-B03E-D0CDA3F8942C}.AppStore|ARM.ActiveCfg = Release|Any CPU
		{54E81065-8581-4705-B03E-D0CDA3F8942C}.AppStore|iPhone.ActiveCfg = Release|Any CPU
		{54E81065-8581-4705-B03E-D0CDA3F8942C}.AppStore|iPhoneSimulator.ActiveCfg = Release|Any CPU
		{54E81065-8581-4705-B03E-D0CDA3F8942C}.AppStore|Mixed Platforms.ActiveCfg = Release|Any CPU
		{54E81065-8581-4705-B03E-D0CDA3F8942C}.AppStore|Mixed Platforms.Build.0 = Release|Any CPU
		{54E81065-8581-4705-B03E-D0CDA3F8942C}.AppStore|x86.ActiveCfg = Release|Any CPU
		{54E81065-8581-4705-B03E-D0CDA3F8942C}.Debug|Any CPU.ActiveCfg = Debug|Any CPU
		{54E81065-8581-4705-B03E-D0CDA3F8942C}.Debug|Any CPU.Build.0 = Debug|Any CPU
		{54E81065-8581-4705-B03E-D0CDA3F8942C}.Debug|ARM.ActiveCfg = Debug|Any CPU
		{54E81065-8581-4705-B03E-D0CDA3F8942C}.Debug|iPhone.ActiveCfg = Debug|Any CPU
		{54E81065-8581-4705-B03E-D0CDA3F8942C}.Debug|iPhoneSimulator.ActiveCfg = Debug|Any CPU
		{54E81065-8581-4705-B03E-D0CDA3F8942C}.Debug|Mixed Platforms.ActiveCfg = Debug|Any CPU
		{54E81065-8581-4705-B03E-D0CDA3F8942C}.Debug|Mixed Platforms.Build.0 = Debug|Any CPU
		{54E81065-8581-4705-B03E-D0CDA3F8942C}.Debug|x86.ActiveCfg = Debug|Any CPU
		{54E81065-8581-4705-B03E-D0CDA3F8942C}.Release|Any CPU.ActiveCfg = Release|Any CPU
		{54E81065-8581-4705-B03E-D0CDA3F8942C}.Release|Any CPU.Build.0 = Release|Any CPU
		{54E81065-8581-4705-B03E-D0CDA3F8942C}.Release|ARM.ActiveCfg = Release|Any CPU
		{54E81065-8581-4705-B03E-D0CDA3F8942C}.Release|iPhone.ActiveCfg = Release|Any CPU
		{54E81065-8581-4705-B03E-D0CDA3F8942C}.Release|iPhoneSimulator.ActiveCfg = Release|Any CPU
		{54E81065-8581-4705-B03E-D0CDA3F8942C}.Release|Mixed Platforms.ActiveCfg = Release|Any CPU
		{54E81065-8581-4705-B03E-D0CDA3F8942C}.Release|Mixed Platforms.Build.0 = Release|Any CPU
		{54E81065-8581-4705-B03E-D0CDA3F8942C}.Release|x86.ActiveCfg = Release|Any CPU
		{76386433-EF42-447C-B176-B8166872401F}.Ad-Hoc|Any CPU.ActiveCfg = Ad-Hoc|iPhone
		{76386433-EF42-447C-B176-B8166872401F}.Ad-Hoc|ARM.ActiveCfg = Ad-Hoc|iPhone
		{76386433-EF42-447C-B176-B8166872401F}.Ad-Hoc|iPhone.ActiveCfg = Ad-Hoc|iPhone
		{76386433-EF42-447C-B176-B8166872401F}.Ad-Hoc|iPhone.Build.0 = Ad-Hoc|iPhone
		{76386433-EF42-447C-B176-B8166872401F}.Ad-Hoc|iPhoneSimulator.ActiveCfg = Ad-Hoc|iPhoneSimulator
		{76386433-EF42-447C-B176-B8166872401F}.Ad-Hoc|iPhoneSimulator.Build.0 = Ad-Hoc|iPhoneSimulator
		{76386433-EF42-447C-B176-B8166872401F}.Ad-Hoc|Mixed Platforms.ActiveCfg = Ad-Hoc|iPhone
		{76386433-EF42-447C-B176-B8166872401F}.Ad-Hoc|Mixed Platforms.Build.0 = Ad-Hoc|iPhone
		{76386433-EF42-447C-B176-B8166872401F}.Ad-Hoc|x86.ActiveCfg = Ad-Hoc|iPhone
		{76386433-EF42-447C-B176-B8166872401F}.AppStore|Any CPU.ActiveCfg = AppStore|iPhone
		{76386433-EF42-447C-B176-B8166872401F}.AppStore|ARM.ActiveCfg = AppStore|iPhone
		{76386433-EF42-447C-B176-B8166872401F}.AppStore|iPhone.ActiveCfg = AppStore|iPhone
		{76386433-EF42-447C-B176-B8166872401F}.AppStore|iPhone.Build.0 = AppStore|iPhone
		{76386433-EF42-447C-B176-B8166872401F}.AppStore|iPhoneSimulator.ActiveCfg = AppStore|iPhoneSimulator
		{76386433-EF42-447C-B176-B8166872401F}.AppStore|iPhoneSimulator.Build.0 = AppStore|iPhoneSimulator
		{76386433-EF42-447C-B176-B8166872401F}.AppStore|Mixed Platforms.ActiveCfg = AppStore|iPhone
		{76386433-EF42-447C-B176-B8166872401F}.AppStore|Mixed Platforms.Build.0 = AppStore|iPhone
		{76386433-EF42-447C-B176-B8166872401F}.AppStore|x86.ActiveCfg = AppStore|iPhone
		{76386433-EF42-447C-B176-B8166872401F}.Debug|Any CPU.ActiveCfg = Debug|iPhone
		{76386433-EF42-447C-B176-B8166872401F}.Debug|ARM.ActiveCfg = Debug|iPhone
		{76386433-EF42-447C-B176-B8166872401F}.Debug|iPhone.ActiveCfg = Debug|iPhone
		{76386433-EF42-447C-B176-B8166872401F}.Debug|iPhone.Build.0 = Debug|iPhone
		{76386433-EF42-447C-B176-B8166872401F}.Debug|iPhoneSimulator.ActiveCfg = Debug|iPhoneSimulator
		{76386433-EF42-447C-B176-B8166872401F}.Debug|iPhoneSimulator.Build.0 = Debug|iPhoneSimulator
		{76386433-EF42-447C-B176-B8166872401F}.Debug|Mixed Platforms.ActiveCfg = Debug|iPhone
		{76386433-EF42-447C-B176-B8166872401F}.Debug|Mixed Platforms.Build.0 = Debug|iPhone
		{76386433-EF42-447C-B176-B8166872401F}.Debug|x86.ActiveCfg = Debug|iPhone
		{76386433-EF42-447C-B176-B8166872401F}.Release|Any CPU.ActiveCfg = Release|iPhone
		{76386433-EF42-447C-B176-B8166872401F}.Release|ARM.ActiveCfg = Release|iPhone
		{76386433-EF42-447C-B176-B8166872401F}.Release|iPhone.ActiveCfg = Release|iPhone
		{76386433-EF42-447C-B176-B8166872401F}.Release|iPhone.Build.0 = Release|iPhone
		{76386433-EF42-447C-B176-B8166872401F}.Release|iPhoneSimulator.ActiveCfg = Release|iPhoneSimulator
		{76386433-EF42-447C-B176-B8166872401F}.Release|iPhoneSimulator.Build.0 = Release|iPhoneSimulator
		{76386433-EF42-447C-B176-B8166872401F}.Release|Mixed Platforms.ActiveCfg = Release|iPhone
		{76386433-EF42-447C-B176-B8166872401F}.Release|Mixed Platforms.Build.0 = Release|iPhone
		{76386433-EF42-447C-B176-B8166872401F}.Release|x86.ActiveCfg = Release|iPhone
		{229A9A82-4B80-453C-9B30-D165F88EA224}.Ad-Hoc|Any CPU.ActiveCfg = Release|Any CPU
		{229A9A82-4B80-453C-9B30-D165F88EA224}.Ad-Hoc|Any CPU.Build.0 = Release|Any CPU
		{229A9A82-4B80-453C-9B30-D165F88EA224}.Ad-Hoc|Any CPU.Deploy.0 = Release|Any CPU
		{229A9A82-4B80-453C-9B30-D165F88EA224}.Ad-Hoc|ARM.ActiveCfg = Release|Any CPU
		{229A9A82-4B80-453C-9B30-D165F88EA224}.Ad-Hoc|iPhone.ActiveCfg = Release|Any CPU
		{229A9A82-4B80-453C-9B30-D165F88EA224}.Ad-Hoc|iPhoneSimulator.ActiveCfg = Release|Any CPU
		{229A9A82-4B80-453C-9B30-D165F88EA224}.Ad-Hoc|Mixed Platforms.ActiveCfg = Release|Any CPU
		{229A9A82-4B80-453C-9B30-D165F88EA224}.Ad-Hoc|Mixed Platforms.Build.0 = Release|Any CPU
		{229A9A82-4B80-453C-9B30-D165F88EA224}.Ad-Hoc|Mixed Platforms.Deploy.0 = Release|Any CPU
		{229A9A82-4B80-453C-9B30-D165F88EA224}.Ad-Hoc|x86.ActiveCfg = Release|Any CPU
		{229A9A82-4B80-453C-9B30-D165F88EA224}.AppStore|Any CPU.ActiveCfg = Release|Any CPU
		{229A9A82-4B80-453C-9B30-D165F88EA224}.AppStore|Any CPU.Build.0 = Release|Any CPU
		{229A9A82-4B80-453C-9B30-D165F88EA224}.AppStore|Any CPU.Deploy.0 = Release|Any CPU
		{229A9A82-4B80-453C-9B30-D165F88EA224}.AppStore|ARM.ActiveCfg = Release|Any CPU
		{229A9A82-4B80-453C-9B30-D165F88EA224}.AppStore|iPhone.ActiveCfg = Release|Any CPU
		{229A9A82-4B80-453C-9B30-D165F88EA224}.AppStore|iPhoneSimulator.ActiveCfg = Release|Any CPU
		{229A9A82-4B80-453C-9B30-D165F88EA224}.AppStore|Mixed Platforms.ActiveCfg = Release|Any CPU
		{229A9A82-4B80-453C-9B30-D165F88EA224}.AppStore|Mixed Platforms.Build.0 = Release|Any CPU
		{229A9A82-4B80-453C-9B30-D165F88EA224}.AppStore|Mixed Platforms.Deploy.0 = Release|Any CPU
		{229A9A82-4B80-453C-9B30-D165F88EA224}.AppStore|x86.ActiveCfg = Release|Any CPU
		{229A9A82-4B80-453C-9B30-D165F88EA224}.Debug|Any CPU.ActiveCfg = Debug|Any CPU
		{229A9A82-4B80-453C-9B30-D165F88EA224}.Debug|Any CPU.Build.0 = Debug|Any CPU
		{229A9A82-4B80-453C-9B30-D165F88EA224}.Debug|Any CPU.Deploy.0 = Debug|Any CPU
		{229A9A82-4B80-453C-9B30-D165F88EA224}.Debug|ARM.ActiveCfg = Debug|Any CPU
		{229A9A82-4B80-453C-9B30-D165F88EA224}.Debug|iPhone.ActiveCfg = Debug|Any CPU
		{229A9A82-4B80-453C-9B30-D165F88EA224}.Debug|iPhoneSimulator.ActiveCfg = Debug|Any CPU
		{229A9A82-4B80-453C-9B30-D165F88EA224}.Debug|Mixed Platforms.ActiveCfg = Debug|Any CPU
		{229A9A82-4B80-453C-9B30-D165F88EA224}.Debug|Mixed Platforms.Build.0 = Debug|Any CPU
		{229A9A82-4B80-453C-9B30-D165F88EA224}.Debug|Mixed Platforms.Deploy.0 = Debug|Any CPU
		{229A9A82-4B80-453C-9B30-D165F88EA224}.Debug|x86.ActiveCfg = Debug|Any CPU
		{229A9A82-4B80-453C-9B30-D165F88EA224}.Release|Any CPU.ActiveCfg = Release|Any CPU
		{229A9A82-4B80-453C-9B30-D165F88EA224}.Release|Any CPU.Build.0 = Release|Any CPU
		{229A9A82-4B80-453C-9B30-D165F88EA224}.Release|Any CPU.Deploy.0 = Release|Any CPU
		{229A9A82-4B80-453C-9B30-D165F88EA224}.Release|ARM.ActiveCfg = Release|Any CPU
		{229A9A82-4B80-453C-9B30-D165F88EA224}.Release|iPhone.ActiveCfg = Release|Any CPU
		{229A9A82-4B80-453C-9B30-D165F88EA224}.Release|iPhoneSimulator.ActiveCfg = Release|Any CPU
		{229A9A82-4B80-453C-9B30-D165F88EA224}.Release|Mixed Platforms.ActiveCfg = Release|Any CPU
		{229A9A82-4B80-453C-9B30-D165F88EA224}.Release|Mixed Platforms.Build.0 = Release|Any CPU
		{229A9A82-4B80-453C-9B30-D165F88EA224}.Release|Mixed Platforms.Deploy.0 = Release|Any CPU
		{229A9A82-4B80-453C-9B30-D165F88EA224}.Release|x86.ActiveCfg = Release|Any CPU
		{C96730FC-D219-4ED1-84EE-A4C6850780A2}.Ad-Hoc|Any CPU.ActiveCfg = Release|Any CPU
		{C96730FC-D219-4ED1-84EE-A4C6850780A2}.Ad-Hoc|Any CPU.Build.0 = Release|Any CPU
		{C96730FC-D219-4ED1-84EE-A4C6850780A2}.Ad-Hoc|Any CPU.Deploy.0 = Release|Any CPU
		{C96730FC-D219-4ED1-84EE-A4C6850780A2}.Ad-Hoc|ARM.ActiveCfg = Release|ARM
		{C96730FC-D219-4ED1-84EE-A4C6850780A2}.Ad-Hoc|ARM.Build.0 = Release|ARM
		{C96730FC-D219-4ED1-84EE-A4C6850780A2}.Ad-Hoc|ARM.Deploy.0 = Release|ARM
		{C96730FC-D219-4ED1-84EE-A4C6850780A2}.Ad-Hoc|iPhone.ActiveCfg = Release|Any CPU
		{C96730FC-D219-4ED1-84EE-A4C6850780A2}.Ad-Hoc|iPhoneSimulator.ActiveCfg = Release|Any CPU
		{C96730FC-D219-4ED1-84EE-A4C6850780A2}.Ad-Hoc|Mixed Platforms.ActiveCfg = Release|x86
		{C96730FC-D219-4ED1-84EE-A4C6850780A2}.Ad-Hoc|Mixed Platforms.Build.0 = Release|x86
		{C96730FC-D219-4ED1-84EE-A4C6850780A2}.Ad-Hoc|Mixed Platforms.Deploy.0 = Release|x86
		{C96730FC-D219-4ED1-84EE-A4C6850780A2}.Ad-Hoc|x86.ActiveCfg = Release|x86
		{C96730FC-D219-4ED1-84EE-A4C6850780A2}.Ad-Hoc|x86.Build.0 = Release|x86
		{C96730FC-D219-4ED1-84EE-A4C6850780A2}.Ad-Hoc|x86.Deploy.0 = Release|x86
		{C96730FC-D219-4ED1-84EE-A4C6850780A2}.AppStore|Any CPU.ActiveCfg = Release|Any CPU
		{C96730FC-D219-4ED1-84EE-A4C6850780A2}.AppStore|Any CPU.Build.0 = Release|Any CPU
		{C96730FC-D219-4ED1-84EE-A4C6850780A2}.AppStore|Any CPU.Deploy.0 = Release|Any CPU
		{C96730FC-D219-4ED1-84EE-A4C6850780A2}.AppStore|ARM.ActiveCfg = Release|ARM
		{C96730FC-D219-4ED1-84EE-A4C6850780A2}.AppStore|ARM.Build.0 = Release|ARM
		{C96730FC-D219-4ED1-84EE-A4C6850780A2}.AppStore|ARM.Deploy.0 = Release|ARM
		{C96730FC-D219-4ED1-84EE-A4C6850780A2}.AppStore|iPhone.ActiveCfg = Release|Any CPU
		{C96730FC-D219-4ED1-84EE-A4C6850780A2}.AppStore|iPhoneSimulator.ActiveCfg = Release|Any CPU
		{C96730FC-D219-4ED1-84EE-A4C6850780A2}.AppStore|Mixed Platforms.ActiveCfg = Release|x86
		{C96730FC-D219-4ED1-84EE-A4C6850780A2}.AppStore|Mixed Platforms.Build.0 = Release|x86
		{C96730FC-D219-4ED1-84EE-A4C6850780A2}.AppStore|Mixed Platforms.Deploy.0 = Release|x86
		{C96730FC-D219-4ED1-84EE-A4C6850780A2}.AppStore|x86.ActiveCfg = Release|x86
		{C96730FC-D219-4ED1-84EE-A4C6850780A2}.AppStore|x86.Build.0 = Release|x86
		{C96730FC-D219-4ED1-84EE-A4C6850780A2}.AppStore|x86.Deploy.0 = Release|x86
		{C96730FC-D219-4ED1-84EE-A4C6850780A2}.Debug|Any CPU.ActiveCfg = Debug|Any CPU
		{C96730FC-D219-4ED1-84EE-A4C6850780A2}.Debug|Any CPU.Build.0 = Debug|Any CPU
		{C96730FC-D219-4ED1-84EE-A4C6850780A2}.Debug|Any CPU.Deploy.0 = Debug|Any CPU
		{C96730FC-D219-4ED1-84EE-A4C6850780A2}.Debug|ARM.ActiveCfg = Debug|ARM
		{C96730FC-D219-4ED1-84EE-A4C6850780A2}.Debug|ARM.Build.0 = Debug|ARM
		{C96730FC-D219-4ED1-84EE-A4C6850780A2}.Debug|ARM.Deploy.0 = Debug|ARM
		{C96730FC-D219-4ED1-84EE-A4C6850780A2}.Debug|iPhone.ActiveCfg = Debug|Any CPU
		{C96730FC-D219-4ED1-84EE-A4C6850780A2}.Debug|iPhoneSimulator.ActiveCfg = Debug|Any CPU
		{C96730FC-D219-4ED1-84EE-A4C6850780A2}.Debug|Mixed Platforms.ActiveCfg = Debug|x86
		{C96730FC-D219-4ED1-84EE-A4C6850780A2}.Debug|Mixed Platforms.Build.0 = Debug|x86
		{C96730FC-D219-4ED1-84EE-A4C6850780A2}.Debug|Mixed Platforms.Deploy.0 = Debug|x86
		{C96730FC-D219-4ED1-84EE-A4C6850780A2}.Debug|x86.ActiveCfg = Debug|x86
		{C96730FC-D219-4ED1-84EE-A4C6850780A2}.Debug|x86.Build.0 = Debug|x86
		{C96730FC-D219-4ED1-84EE-A4C6850780A2}.Debug|x86.Deploy.0 = Debug|x86
		{C96730FC-D219-4ED1-84EE-A4C6850780A2}.Release|Any CPU.ActiveCfg = Release|Any CPU
		{C96730FC-D219-4ED1-84EE-A4C6850780A2}.Release|Any CPU.Build.0 = Release|Any CPU
		{C96730FC-D219-4ED1-84EE-A4C6850780A2}.Release|Any CPU.Deploy.0 = Release|Any CPU
		{C96730FC-D219-4ED1-84EE-A4C6850780A2}.Release|ARM.ActiveCfg = Release|ARM
		{C96730FC-D219-4ED1-84EE-A4C6850780A2}.Release|ARM.Build.0 = Release|ARM
		{C96730FC-D219-4ED1-84EE-A4C6850780A2}.Release|ARM.Deploy.0 = Release|ARM
		{C96730FC-D219-4ED1-84EE-A4C6850780A2}.Release|iPhone.ActiveCfg = Release|Any CPU
		{C96730FC-D219-4ED1-84EE-A4C6850780A2}.Release|iPhoneSimulator.ActiveCfg = Release|Any CPU
		{C96730FC-D219-4ED1-84EE-A4C6850780A2}.Release|Mixed Platforms.ActiveCfg = Release|x86
		{C96730FC-D219-4ED1-84EE-A4C6850780A2}.Release|Mixed Platforms.Build.0 = Release|x86
		{C96730FC-D219-4ED1-84EE-A4C6850780A2}.Release|Mixed Platforms.Deploy.0 = Release|x86
		{C96730FC-D219-4ED1-84EE-A4C6850780A2}.Release|x86.ActiveCfg = Release|x86
		{C96730FC-D219-4ED1-84EE-A4C6850780A2}.Release|x86.Build.0 = Release|x86
		{C96730FC-D219-4ED1-84EE-A4C6850780A2}.Release|x86.Deploy.0 = Release|x86
	EndGlobalSection
	GlobalSection(SolutionProperties) = preSolution
		HideSolutionNode = FALSE
	EndGlobalSection
EndGlobal
