
Microsoft Visual Studio Solution File, Format Version 12.00
# Visual Studio 14
VisualStudioVersion = 14.0.25123.0
MinimumVisualStudioVersion = 10.0.40219.1
Project("{FAE04EC0-301F-11D3-BF4B-00C04F79EFBC}") = "XFApp.Droid", "XFApp\XFApp.Droid\XFApp.Droid.csproj", "{8870C5CA-83F1-4FFF-B02C-C109CF6B9252}"
EndProject
Project("{FAE04EC0-301F-11D3-BF4B-00C04F79EFBC}") = "XFApp.iOS", "XFApp\XFApp.iOS\XFApp.iOS.csproj", "{9C914AE7-BD27-4259-B8A2-E6AEBD80FB53}"
EndProject
Project("{FAE04EC0-301F-11D3-BF4B-00C04F79EFBC}") = "XFApp.WinPhone", "XFApp\XFApp.WinPhone\XFApp.WinPhone.csproj", "{6EA38D1B-7DB2-4D1A-B6ED-8E199C40D1F7}"
EndProject
Project("{FAE04EC0-301F-11D3-BF4B-00C04F79EFBC}") = "XFApp.UWP", "XFApp\XFApp.UWP\XFApp.UWP.csproj", "{D567214B-7FA8-44BD-8889-35636E91D6CB}"
EndProject
Project("{FAE04EC0-301F-11D3-BF4B-00C04F79EFBC}") = "XFApp.Windows", "XFApp\XFApp.Windows\XFApp.Windows.csproj", "{6D7EFF79-09B7-4E3F-94F0-288EB806DEF6}"
EndProject
Project("{D954291E-2A0B-460D-934E-DC6B0785DB48}") = "XFApp", "XFApp\XFApp\XFApp.shproj", "{8D009299-E573-4DF7-8B3C-6324AC20431F}"
EndProject
Global
	GlobalSection(SharedMSBuildProjectFiles) = preSolution
		XFApp\XFApp\XFApp.projitems*{6ea38d1b-7db2-4d1a-b6ed-8e199c40d1f7}*SharedItemsImports = 4
		XFApp\XFApp\XFApp.projitems*{d567214b-7fa8-44bd-8889-35636e91d6cb}*SharedItemsImports = 4
		XFApp\XFApp\XFApp.projitems*{9c914ae7-bd27-4259-b8a2-e6aebd80fb53}*SharedItemsImports = 4
		XFApp\XFApp\XFApp.projitems*{8870c5ca-83f1-4fff-b02c-c109cf6b9252}*SharedItemsImports = 4
		XFApp\XFApp\XFApp.projitems*{8d009299-e573-4df7-8b3c-6324ac20431f}*SharedItemsImports = 13
		XFApp\XFApp\XFApp.projitems*{6d7eff79-09b7-4e3f-94f0-288eb806def6}*SharedItemsImports = 4
	EndGlobalSection
	GlobalSection(SolutionConfigurationPlatforms) = preSolution
		Ad-Hoc|Any CPU = Ad-Hoc|Any CPU
		Ad-Hoc|ARM = Ad-Hoc|ARM
		Ad-Hoc|iPhone = Ad-Hoc|iPhone
		Ad-Hoc|iPhoneSimulator = Ad-Hoc|iPhoneSimulator
		Ad-Hoc|x64 = Ad-Hoc|x64
		Ad-Hoc|x86 = Ad-Hoc|x86
		AppStore|Any CPU = AppStore|Any CPU
		AppStore|ARM = AppStore|ARM
		AppStore|iPhone = AppStore|iPhone
		AppStore|iPhoneSimulator = AppStore|iPhoneSimulator
		AppStore|x64 = AppStore|x64
		AppStore|x86 = AppStore|x86
		Debug|Any CPU = Debug|Any CPU
		Debug|ARM = Debug|ARM
		Debug|iPhone = Debug|iPhone
		Debug|iPhoneSimulator = Debug|iPhoneSimulator
		Debug|x64 = Debug|x64
		Debug|x86 = Debug|x86
		Release|Any CPU = Release|Any CPU
		Release|ARM = Release|ARM
		Release|iPhone = Release|iPhone
		Release|iPhoneSimulator = Release|iPhoneSimulator
		Release|x64 = Release|x64
		Release|x86 = Release|x86
	EndGlobalSection
	GlobalSection(ProjectConfigurationPlatforms) = postSolution
		{8870C5CA-83F1-4FFF-B02C-C109CF6B9252}.Ad-Hoc|Any CPU.ActiveCfg = Release|Any CPU
		{8870C5CA-83F1-4FFF-B02C-C109CF6B9252}.Ad-Hoc|Any CPU.Build.0 = Release|Any CPU
		{8870C5CA-83F1-4FFF-B02C-C109CF6B9252}.Ad-Hoc|Any CPU.Deploy.0 = Release|Any CPU
		{8870C5CA-83F1-4FFF-B02C-C109CF6B9252}.Ad-Hoc|ARM.ActiveCfg = Release|Any CPU
		{8870C5CA-83F1-4FFF-B02C-C109CF6B9252}.Ad-Hoc|ARM.Build.0 = Release|Any CPU
		{8870C5CA-83F1-4FFF-B02C-C109CF6B9252}.Ad-Hoc|ARM.Deploy.0 = Release|Any CPU
		{8870C5CA-83F1-4FFF-B02C-C109CF6B9252}.Ad-Hoc|iPhone.ActiveCfg = Release|Any CPU
		{8870C5CA-83F1-4FFF-B02C-C109CF6B9252}.Ad-Hoc|iPhone.Build.0 = Release|Any CPU
		{8870C5CA-83F1-4FFF-B02C-C109CF6B9252}.Ad-Hoc|iPhone.Deploy.0 = Release|Any CPU
		{8870C5CA-83F1-4FFF-B02C-C109CF6B9252}.Ad-Hoc|iPhoneSimulator.ActiveCfg = Release|Any CPU
		{8870C5CA-83F1-4FFF-B02C-C109CF6B9252}.Ad-Hoc|iPhoneSimulator.Build.0 = Release|Any CPU
		{8870C5CA-83F1-4FFF-B02C-C109CF6B9252}.Ad-Hoc|iPhoneSimulator.Deploy.0 = Release|Any CPU
		{8870C5CA-83F1-4FFF-B02C-C109CF6B9252}.Ad-Hoc|x64.ActiveCfg = Release|Any CPU
		{8870C5CA-83F1-4FFF-B02C-C109CF6B9252}.Ad-Hoc|x64.Build.0 = Release|Any CPU
		{8870C5CA-83F1-4FFF-B02C-C109CF6B9252}.Ad-Hoc|x64.Deploy.0 = Release|Any CPU
		{8870C5CA-83F1-4FFF-B02C-C109CF6B9252}.Ad-Hoc|x86.ActiveCfg = Release|Any CPU
		{8870C5CA-83F1-4FFF-B02C-C109CF6B9252}.Ad-Hoc|x86.Build.0 = Release|Any CPU
		{8870C5CA-83F1-4FFF-B02C-C109CF6B9252}.Ad-Hoc|x86.Deploy.0 = Release|Any CPU
		{8870C5CA-83F1-4FFF-B02C-C109CF6B9252}.AppStore|Any CPU.ActiveCfg = Release|Any CPU
		{8870C5CA-83F1-4FFF-B02C-C109CF6B9252}.AppStore|Any CPU.Build.0 = Release|Any CPU
		{8870C5CA-83F1-4FFF-B02C-C109CF6B9252}.AppStore|Any CPU.Deploy.0 = Release|Any CPU
		{8870C5CA-83F1-4FFF-B02C-C109CF6B9252}.AppStore|ARM.ActiveCfg = Release|Any CPU
		{8870C5CA-83F1-4FFF-B02C-C109CF6B9252}.AppStore|ARM.Build.0 = Release|Any CPU
		{8870C5CA-83F1-4FFF-B02C-C109CF6B9252}.AppStore|ARM.Deploy.0 = Release|Any CPU
		{8870C5CA-83F1-4FFF-B02C-C109CF6B9252}.AppStore|iPhone.ActiveCfg = Release|Any CPU
		{8870C5CA-83F1-4FFF-B02C-C109CF6B9252}.AppStore|iPhone.Build.0 = Release|Any CPU
		{8870C5CA-83F1-4FFF-B02C-C109CF6B9252}.AppStore|iPhone.Deploy.0 = Release|Any CPU
		{8870C5CA-83F1-4FFF-B02C-C109CF6B9252}.AppStore|iPhoneSimulator.ActiveCfg = Release|Any CPU
		{8870C5CA-83F1-4FFF-B02C-C109CF6B9252}.AppStore|iPhoneSimulator.Build.0 = Release|Any CPU
		{8870C5CA-83F1-4FFF-B02C-C109CF6B9252}.AppStore|iPhoneSimulator.Deploy.0 = Release|Any CPU
		{8870C5CA-83F1-4FFF-B02C-C109CF6B9252}.AppStore|x64.ActiveCfg = Release|Any CPU
		{8870C5CA-83F1-4FFF-B02C-C109CF6B9252}.AppStore|x64.Build.0 = Release|Any CPU
		{8870C5CA-83F1-4FFF-B02C-C109CF6B9252}.AppStore|x64.Deploy.0 = Release|Any CPU
		{8870C5CA-83F1-4FFF-B02C-C109CF6B9252}.AppStore|x86.ActiveCfg = Release|Any CPU
		{8870C5CA-83F1-4FFF-B02C-C109CF6B9252}.AppStore|x86.Build.0 = Release|Any CPU
		{8870C5CA-83F1-4FFF-B02C-C109CF6B9252}.AppStore|x86.Deploy.0 = Release|Any CPU
		{8870C5CA-83F1-4FFF-B02C-C109CF6B9252}.Debug|Any CPU.ActiveCfg = Debug|Any CPU
		{8870C5CA-83F1-4FFF-B02C-C109CF6B9252}.Debug|Any CPU.Build.0 = Debug|Any CPU
		{8870C5CA-83F1-4FFF-B02C-C109CF6B9252}.Debug|Any CPU.Deploy.0 = Debug|Any CPU
		{8870C5CA-83F1-4FFF-B02C-C109CF6B9252}.Debug|ARM.ActiveCfg = Debug|Any CPU
		{8870C5CA-83F1-4FFF-B02C-C109CF6B9252}.Debug|ARM.Build.0 = Debug|Any CPU
		{8870C5CA-83F1-4FFF-B02C-C109CF6B9252}.Debug|ARM.Deploy.0 = Debug|Any CPU
		{8870C5CA-83F1-4FFF-B02C-C109CF6B9252}.Debug|iPhone.ActiveCfg = Debug|Any CPU
		{8870C5CA-83F1-4FFF-B02C-C109CF6B9252}.Debug|iPhone.Build.0 = Debug|Any CPU
		{8870C5CA-83F1-4FFF-B02C-C109CF6B9252}.Debug|iPhone.Deploy.0 = Debug|Any CPU
		{8870C5CA-83F1-4FFF-B02C-C109CF6B9252}.Debug|iPhoneSimulator.ActiveCfg = Debug|Any CPU
		{8870C5CA-83F1-4FFF-B02C-C109CF6B9252}.Debug|iPhoneSimulator.Build.0 = Debug|Any CPU
		{8870C5CA-83F1-4FFF-B02C-C109CF6B9252}.Debug|iPhoneSimulator.Deploy.0 = Debug|Any CPU
		{8870C5CA-83F1-4FFF-B02C-C109CF6B9252}.Debug|x64.ActiveCfg = Debug|Any CPU
		{8870C5CA-83F1-4FFF-B02C-C109CF6B9252}.Debug|x64.Build.0 = Debug|Any CPU
		{8870C5CA-83F1-4FFF-B02C-C109CF6B9252}.Debug|x64.Deploy.0 = Debug|Any CPU
		{8870C5CA-83F1-4FFF-B02C-C109CF6B9252}.Debug|x86.ActiveCfg = Debug|Any CPU
		{8870C5CA-83F1-4FFF-B02C-C109CF6B9252}.Debug|x86.Build.0 = Debug|Any CPU
		{8870C5CA-83F1-4FFF-B02C-C109CF6B9252}.Debug|x86.Deploy.0 = Debug|Any CPU
		{8870C5CA-83F1-4FFF-B02C-C109CF6B9252}.Release|Any CPU.ActiveCfg = Release|Any CPU
		{8870C5CA-83F1-4FFF-B02C-C109CF6B9252}.Release|Any CPU.Build.0 = Release|Any CPU
		{8870C5CA-83F1-4FFF-B02C-C109CF6B9252}.Release|Any CPU.Deploy.0 = Release|Any CPU
		{8870C5CA-83F1-4FFF-B02C-C109CF6B9252}.Release|ARM.ActiveCfg = Release|Any CPU
		{8870C5CA-83F1-4FFF-B02C-C109CF6B9252}.Release|ARM.Build.0 = Release|Any CPU
		{8870C5CA-83F1-4FFF-B02C-C109CF6B9252}.Release|ARM.Deploy.0 = Release|Any CPU
		{8870C5CA-83F1-4FFF-B02C-C109CF6B9252}.Release|iPhone.ActiveCfg = Release|Any CPU
		{8870C5CA-83F1-4FFF-B02C-C109CF6B9252}.Release|iPhone.Build.0 = Release|Any CPU
		{8870C5CA-83F1-4FFF-B02C-C109CF6B9252}.Release|iPhone.Deploy.0 = Release|Any CPU
		{8870C5CA-83F1-4FFF-B02C-C109CF6B9252}.Release|iPhoneSimulator.ActiveCfg = Release|Any CPU
		{8870C5CA-83F1-4FFF-B02C-C109CF6B9252}.Release|iPhoneSimulator.Build.0 = Release|Any CPU
		{8870C5CA-83F1-4FFF-B02C-C109CF6B9252}.Release|iPhoneSimulator.Deploy.0 = Release|Any CPU
		{8870C5CA-83F1-4FFF-B02C-C109CF6B9252}.Release|x64.ActiveCfg = Release|Any CPU
		{8870C5CA-83F1-4FFF-B02C-C109CF6B9252}.Release|x64.Build.0 = Release|Any CPU
		{8870C5CA-83F1-4FFF-B02C-C109CF6B9252}.Release|x64.Deploy.0 = Release|Any CPU
		{8870C5CA-83F1-4FFF-B02C-C109CF6B9252}.Release|x86.ActiveCfg = Release|Any CPU
		{8870C5CA-83F1-4FFF-B02C-C109CF6B9252}.Release|x86.Build.0 = Release|Any CPU
		{8870C5CA-83F1-4FFF-B02C-C109CF6B9252}.Release|x86.Deploy.0 = Release|Any CPU
		{9C914AE7-BD27-4259-B8A2-E6AEBD80FB53}.Ad-Hoc|Any CPU.ActiveCfg = Ad-Hoc|iPhone
		{9C914AE7-BD27-4259-B8A2-E6AEBD80FB53}.Ad-Hoc|ARM.ActiveCfg = Ad-Hoc|iPhone
		{9C914AE7-BD27-4259-B8A2-E6AEBD80FB53}.Ad-Hoc|iPhone.ActiveCfg = Ad-Hoc|iPhone
		{9C914AE7-BD27-4259-B8A2-E6AEBD80FB53}.Ad-Hoc|iPhone.Build.0 = Ad-Hoc|iPhone
		{9C914AE7-BD27-4259-B8A2-E6AEBD80FB53}.Ad-Hoc|iPhoneSimulator.ActiveCfg = Ad-Hoc|iPhoneSimulator
		{9C914AE7-BD27-4259-B8A2-E6AEBD80FB53}.Ad-Hoc|iPhoneSimulator.Build.0 = Ad-Hoc|iPhoneSimulator
		{9C914AE7-BD27-4259-B8A2-E6AEBD80FB53}.Ad-Hoc|x64.ActiveCfg = Ad-Hoc|iPhone
		{9C914AE7-BD27-4259-B8A2-E6AEBD80FB53}.Ad-Hoc|x86.ActiveCfg = Ad-Hoc|iPhone
		{9C914AE7-BD27-4259-B8A2-E6AEBD80FB53}.AppStore|Any CPU.ActiveCfg = AppStore|iPhone
		{9C914AE7-BD27-4259-B8A2-E6AEBD80FB53}.AppStore|ARM.ActiveCfg = AppStore|iPhone
		{9C914AE7-BD27-4259-B8A2-E6AEBD80FB53}.AppStore|iPhone.ActiveCfg = AppStore|iPhone
		{9C914AE7-BD27-4259-B8A2-E6AEBD80FB53}.AppStore|iPhone.Build.0 = AppStore|iPhone
		{9C914AE7-BD27-4259-B8A2-E6AEBD80FB53}.AppStore|iPhoneSimulator.ActiveCfg = AppStore|iPhoneSimulator
		{9C914AE7-BD27-4259-B8A2-E6AEBD80FB53}.AppStore|iPhoneSimulator.Build.0 = AppStore|iPhoneSimulator
		{9C914AE7-BD27-4259-B8A2-E6AEBD80FB53}.AppStore|x64.ActiveCfg = AppStore|iPhone
		{9C914AE7-BD27-4259-B8A2-E6AEBD80FB53}.AppStore|x86.ActiveCfg = AppStore|iPhone
		{9C914AE7-BD27-4259-B8A2-E6AEBD80FB53}.Debug|Any CPU.ActiveCfg = Debug|iPhone
		{9C914AE7-BD27-4259-B8A2-E6AEBD80FB53}.Debug|ARM.ActiveCfg = Debug|iPhone
		{9C914AE7-BD27-4259-B8A2-E6AEBD80FB53}.Debug|iPhone.ActiveCfg = Debug|iPhone
		{9C914AE7-BD27-4259-B8A2-E6AEBD80FB53}.Debug|iPhone.Build.0 = Debug|iPhone
		{9C914AE7-BD27-4259-B8A2-E6AEBD80FB53}.Debug|iPhoneSimulator.ActiveCfg = Debug|iPhoneSimulator
		{9C914AE7-BD27-4259-B8A2-E6AEBD80FB53}.Debug|iPhoneSimulator.Build.0 = Debug|iPhoneSimulator
		{9C914AE7-BD27-4259-B8A2-E6AEBD80FB53}.Debug|x64.ActiveCfg = Debug|iPhone
		{9C914AE7-BD27-4259-B8A2-E6AEBD80FB53}.Debug|x86.ActiveCfg = Debug|iPhone
		{9C914AE7-BD27-4259-B8A2-E6AEBD80FB53}.Release|Any CPU.ActiveCfg = Release|iPhone
		{9C914AE7-BD27-4259-B8A2-E6AEBD80FB53}.Release|ARM.ActiveCfg = Release|iPhone
		{9C914AE7-BD27-4259-B8A2-E6AEBD80FB53}.Release|iPhone.ActiveCfg = Release|iPhone
		{9C914AE7-BD27-4259-B8A2-E6AEBD80FB53}.Release|iPhone.Build.0 = Release|iPhone
		{9C914AE7-BD27-4259-B8A2-E6AEBD80FB53}.Release|iPhoneSimulator.ActiveCfg = Release|iPhoneSimulator
		{9C914AE7-BD27-4259-B8A2-E6AEBD80FB53}.Release|iPhoneSimulator.Build.0 = Release|iPhoneSimulator
		{9C914AE7-BD27-4259-B8A2-E6AEBD80FB53}.Release|x64.ActiveCfg = Release|iPhone
		{9C914AE7-BD27-4259-B8A2-E6AEBD80FB53}.Release|x86.ActiveCfg = Release|iPhone
		{6EA38D1B-7DB2-4D1A-B6ED-8E199C40D1F7}.Ad-Hoc|Any CPU.ActiveCfg = Release|Any CPU
		{6EA38D1B-7DB2-4D1A-B6ED-8E199C40D1F7}.Ad-Hoc|Any CPU.Build.0 = Release|Any CPU
		{6EA38D1B-7DB2-4D1A-B6ED-8E199C40D1F7}.Ad-Hoc|Any CPU.Deploy.0 = Release|Any CPU
		{6EA38D1B-7DB2-4D1A-B6ED-8E199C40D1F7}.Ad-Hoc|ARM.ActiveCfg = Release|ARM
		{6EA38D1B-7DB2-4D1A-B6ED-8E199C40D1F7}.Ad-Hoc|ARM.Build.0 = Release|ARM
		{6EA38D1B-7DB2-4D1A-B6ED-8E199C40D1F7}.Ad-Hoc|ARM.Deploy.0 = Release|ARM
		{6EA38D1B-7DB2-4D1A-B6ED-8E199C40D1F7}.Ad-Hoc|iPhone.ActiveCfg = Release|Any CPU
		{6EA38D1B-7DB2-4D1A-B6ED-8E199C40D1F7}.Ad-Hoc|iPhone.Build.0 = Release|Any CPU
		{6EA38D1B-7DB2-4D1A-B6ED-8E199C40D1F7}.Ad-Hoc|iPhone.Deploy.0 = Release|Any CPU
		{6EA38D1B-7DB2-4D1A-B6ED-8E199C40D1F7}.Ad-Hoc|iPhoneSimulator.ActiveCfg = Release|Any CPU
		{6EA38D1B-7DB2-4D1A-B6ED-8E199C40D1F7}.Ad-Hoc|iPhoneSimulator.Build.0 = Release|Any CPU
		{6EA38D1B-7DB2-4D1A-B6ED-8E199C40D1F7}.Ad-Hoc|iPhoneSimulator.Deploy.0 = Release|Any CPU
		{6EA38D1B-7DB2-4D1A-B6ED-8E199C40D1F7}.Ad-Hoc|x64.ActiveCfg = Release|Any CPU
		{6EA38D1B-7DB2-4D1A-B6ED-8E199C40D1F7}.Ad-Hoc|x64.Build.0 = Release|Any CPU
		{6EA38D1B-7DB2-4D1A-B6ED-8E199C40D1F7}.Ad-Hoc|x64.Deploy.0 = Release|Any CPU
		{6EA38D1B-7DB2-4D1A-B6ED-8E199C40D1F7}.Ad-Hoc|x86.ActiveCfg = Release|x86
		{6EA38D1B-7DB2-4D1A-B6ED-8E199C40D1F7}.Ad-Hoc|x86.Build.0 = Release|x86
		{6EA38D1B-7DB2-4D1A-B6ED-8E199C40D1F7}.Ad-Hoc|x86.Deploy.0 = Release|x86
		{6EA38D1B-7DB2-4D1A-B6ED-8E199C40D1F7}.AppStore|Any CPU.ActiveCfg = Release|Any CPU
		{6EA38D1B-7DB2-4D1A-B6ED-8E199C40D1F7}.AppStore|Any CPU.Build.0 = Release|Any CPU
		{6EA38D1B-7DB2-4D1A-B6ED-8E199C40D1F7}.AppStore|Any CPU.Deploy.0 = Release|Any CPU
		{6EA38D1B-7DB2-4D1A-B6ED-8E199C40D1F7}.AppStore|ARM.ActiveCfg = Release|ARM
		{6EA38D1B-7DB2-4D1A-B6ED-8E199C40D1F7}.AppStore|ARM.Build.0 = Release|ARM
		{6EA38D1B-7DB2-4D1A-B6ED-8E199C40D1F7}.AppStore|ARM.Deploy.0 = Release|ARM
		{6EA38D1B-7DB2-4D1A-B6ED-8E199C40D1F7}.AppStore|iPhone.ActiveCfg = Release|Any CPU
		{6EA38D1B-7DB2-4D1A-B6ED-8E199C40D1F7}.AppStore|iPhone.Build.0 = Release|Any CPU
		{6EA38D1B-7DB2-4D1A-B6ED-8E199C40D1F7}.AppStore|iPhone.Deploy.0 = Release|Any CPU
		{6EA38D1B-7DB2-4D1A-B6ED-8E199C40D1F7}.AppStore|iPhoneSimulator.ActiveCfg = Release|Any CPU
		{6EA38D1B-7DB2-4D1A-B6ED-8E199C40D1F7}.AppStore|iPhoneSimulator.Build.0 = Release|Any CPU
		{6EA38D1B-7DB2-4D1A-B6ED-8E199C40D1F7}.AppStore|iPhoneSimulator.Deploy.0 = Release|Any CPU
		{6EA38D1B-7DB2-4D1A-B6ED-8E199C40D1F7}.AppStore|x64.ActiveCfg = Release|Any CPU
		{6EA38D1B-7DB2-4D1A-B6ED-8E199C40D1F7}.AppStore|x64.Build.0 = Release|Any CPU
		{6EA38D1B-7DB2-4D1A-B6ED-8E199C40D1F7}.AppStore|x64.Deploy.0 = Release|Any CPU
		{6EA38D1B-7DB2-4D1A-B6ED-8E199C40D1F7}.AppStore|x86.ActiveCfg = Release|x86
		{6EA38D1B-7DB2-4D1A-B6ED-8E199C40D1F7}.AppStore|x86.Build.0 = Release|x86
		{6EA38D1B-7DB2-4D1A-B6ED-8E199C40D1F7}.AppStore|x86.Deploy.0 = Release|x86
		{6EA38D1B-7DB2-4D1A-B6ED-8E199C40D1F7}.Debug|Any CPU.ActiveCfg = Debug|Any CPU
		{6EA38D1B-7DB2-4D1A-B6ED-8E199C40D1F7}.Debug|Any CPU.Build.0 = Debug|Any CPU
		{6EA38D1B-7DB2-4D1A-B6ED-8E199C40D1F7}.Debug|Any CPU.Deploy.0 = Debug|Any CPU
		{6EA38D1B-7DB2-4D1A-B6ED-8E199C40D1F7}.Debug|ARM.ActiveCfg = Debug|ARM
		{6EA38D1B-7DB2-4D1A-B6ED-8E199C40D1F7}.Debug|ARM.Build.0 = Debug|ARM
		{6EA38D1B-7DB2-4D1A-B6ED-8E199C40D1F7}.Debug|ARM.Deploy.0 = Debug|ARM
		{6EA38D1B-7DB2-4D1A-B6ED-8E199C40D1F7}.Debug|iPhone.ActiveCfg = Debug|Any CPU
		{6EA38D1B-7DB2-4D1A-B6ED-8E199C40D1F7}.Debug|iPhone.Build.0 = Debug|Any CPU
		{6EA38D1B-7DB2-4D1A-B6ED-8E199C40D1F7}.Debug|iPhone.Deploy.0 = Debug|Any CPU
		{6EA38D1B-7DB2-4D1A-B6ED-8E199C40D1F7}.Debug|iPhoneSimulator.ActiveCfg = Debug|Any CPU
		{6EA38D1B-7DB2-4D1A-B6ED-8E199C40D1F7}.Debug|iPhoneSimulator.Build.0 = Debug|Any CPU
		{6EA38D1B-7DB2-4D1A-B6ED-8E199C40D1F7}.Debug|iPhoneSimulator.Deploy.0 = Debug|Any CPU
		{6EA38D1B-7DB2-4D1A-B6ED-8E199C40D1F7}.Debug|x64.ActiveCfg = Debug|Any CPU
		{6EA38D1B-7DB2-4D1A-B6ED-8E199C40D1F7}.Debug|x64.Build.0 = Debug|Any CPU
		{6EA38D1B-7DB2-4D1A-B6ED-8E199C40D1F7}.Debug|x64.Deploy.0 = Debug|Any CPU
		{6EA38D1B-7DB2-4D1A-B6ED-8E199C40D1F7}.Debug|x86.ActiveCfg = Debug|x86
		{6EA38D1B-7DB2-4D1A-B6ED-8E199C40D1F7}.Debug|x86.Build.0 = Debug|x86
		{6EA38D1B-7DB2-4D1A-B6ED-8E199C40D1F7}.Debug|x86.Deploy.0 = Debug|x86
		{6EA38D1B-7DB2-4D1A-B6ED-8E199C40D1F7}.Release|Any CPU.ActiveCfg = Release|Any CPU
		{6EA38D1B-7DB2-4D1A-B6ED-8E199C40D1F7}.Release|Any CPU.Build.0 = Release|Any CPU
		{6EA38D1B-7DB2-4D1A-B6ED-8E199C40D1F7}.Release|Any CPU.Deploy.0 = Release|Any CPU
		{6EA38D1B-7DB2-4D1A-B6ED-8E199C40D1F7}.Release|ARM.ActiveCfg = Release|ARM
		{6EA38D1B-7DB2-4D1A-B6ED-8E199C40D1F7}.Release|ARM.Build.0 = Release|ARM
		{6EA38D1B-7DB2-4D1A-B6ED-8E199C40D1F7}.Release|ARM.Deploy.0 = Release|ARM
		{6EA38D1B-7DB2-4D1A-B6ED-8E199C40D1F7}.Release|iPhone.ActiveCfg = Release|Any CPU
		{6EA38D1B-7DB2-4D1A-B6ED-8E199C40D1F7}.Release|iPhone.Build.0 = Release|Any CPU
		{6EA38D1B-7DB2-4D1A-B6ED-8E199C40D1F7}.Release|iPhone.Deploy.0 = Release|Any CPU
		{6EA38D1B-7DB2-4D1A-B6ED-8E199C40D1F7}.Release|iPhoneSimulator.ActiveCfg = Release|Any CPU
		{6EA38D1B-7DB2-4D1A-B6ED-8E199C40D1F7}.Release|iPhoneSimulator.Build.0 = Release|Any CPU
		{6EA38D1B-7DB2-4D1A-B6ED-8E199C40D1F7}.Release|iPhoneSimulator.Deploy.0 = Release|Any CPU
		{6EA38D1B-7DB2-4D1A-B6ED-8E199C40D1F7}.Release|x64.ActiveCfg = Release|Any CPU
		{6EA38D1B-7DB2-4D1A-B6ED-8E199C40D1F7}.Release|x64.Build.0 = Release|Any CPU
		{6EA38D1B-7DB2-4D1A-B6ED-8E199C40D1F7}.Release|x64.Deploy.0 = Release|Any CPU
		{6EA38D1B-7DB2-4D1A-B6ED-8E199C40D1F7}.Release|x86.ActiveCfg = Release|x86
		{6EA38D1B-7DB2-4D1A-B6ED-8E199C40D1F7}.Release|x86.Build.0 = Release|x86
		{6EA38D1B-7DB2-4D1A-B6ED-8E199C40D1F7}.Release|x86.Deploy.0 = Release|x86
		{D567214B-7FA8-44BD-8889-35636E91D6CB}.Ad-Hoc|Any CPU.ActiveCfg = Release|x86
		{D567214B-7FA8-44BD-8889-35636E91D6CB}.Ad-Hoc|Any CPU.Build.0 = Release|x86
		{D567214B-7FA8-44BD-8889-35636E91D6CB}.Ad-Hoc|Any CPU.Deploy.0 = Release|x86
		{D567214B-7FA8-44BD-8889-35636E91D6CB}.Ad-Hoc|ARM.ActiveCfg = Release|ARM
		{D567214B-7FA8-44BD-8889-35636E91D6CB}.Ad-Hoc|ARM.Build.0 = Release|ARM
		{D567214B-7FA8-44BD-8889-35636E91D6CB}.Ad-Hoc|ARM.Deploy.0 = Release|ARM
		{D567214B-7FA8-44BD-8889-35636E91D6CB}.Ad-Hoc|iPhone.ActiveCfg = Release|x86
		{D567214B-7FA8-44BD-8889-35636E91D6CB}.Ad-Hoc|iPhone.Build.0 = Release|x86
		{D567214B-7FA8-44BD-8889-35636E91D6CB}.Ad-Hoc|iPhone.Deploy.0 = Release|x86
		{D567214B-7FA8-44BD-8889-35636E91D6CB}.Ad-Hoc|iPhoneSimulator.ActiveCfg = Release|x86
		{D567214B-7FA8-44BD-8889-35636E91D6CB}.Ad-Hoc|iPhoneSimulator.Build.0 = Release|x86
		{D567214B-7FA8-44BD-8889-35636E91D6CB}.Ad-Hoc|iPhoneSimulator.Deploy.0 = Release|x86
		{D567214B-7FA8-44BD-8889-35636E91D6CB}.Ad-Hoc|x64.ActiveCfg = Release|x64
		{D567214B-7FA8-44BD-8889-35636E91D6CB}.Ad-Hoc|x64.Build.0 = Release|x64
		{D567214B-7FA8-44BD-8889-35636E91D6CB}.Ad-Hoc|x64.Deploy.0 = Release|x64
		{D567214B-7FA8-44BD-8889-35636E91D6CB}.Ad-Hoc|x86.ActiveCfg = Release|x86
		{D567214B-7FA8-44BD-8889-35636E91D6CB}.Ad-Hoc|x86.Build.0 = Release|x86
		{D567214B-7FA8-44BD-8889-35636E91D6CB}.Ad-Hoc|x86.Deploy.0 = Release|x86
		{D567214B-7FA8-44BD-8889-35636E91D6CB}.AppStore|Any CPU.ActiveCfg = Release|x86
		{D567214B-7FA8-44BD-8889-35636E91D6CB}.AppStore|Any CPU.Build.0 = Release|x86
		{D567214B-7FA8-44BD-8889-35636E91D6CB}.AppStore|Any CPU.Deploy.0 = Release|x86
		{D567214B-7FA8-44BD-8889-35636E91D6CB}.AppStore|ARM.ActiveCfg = Release|ARM
		{D567214B-7FA8-44BD-8889-35636E91D6CB}.AppStore|ARM.Build.0 = Release|ARM
		{D567214B-7FA8-44BD-8889-35636E91D6CB}.AppStore|ARM.Deploy.0 = Release|ARM
		{D567214B-7FA8-44BD-8889-35636E91D6CB}.AppStore|iPhone.ActiveCfg = Release|x86
		{D567214B-7FA8-44BD-8889-35636E91D6CB}.AppStore|iPhone.Build.0 = Release|x86
		{D567214B-7FA8-44BD-8889-35636E91D6CB}.AppStore|iPhone.Deploy.0 = Release|x86
		{D567214B-7FA8-44BD-8889-35636E91D6CB}.AppStore|iPhoneSimulator.ActiveCfg = Release|x86
		{D567214B-7FA8-44BD-8889-35636E91D6CB}.AppStore|iPhoneSimulator.Build.0 = Release|x86
		{D567214B-7FA8-44BD-8889-35636E91D6CB}.AppStore|iPhoneSimulator.Deploy.0 = Release|x86
		{D567214B-7FA8-44BD-8889-35636E91D6CB}.AppStore|x64.ActiveCfg = Release|x64
		{D567214B-7FA8-44BD-8889-35636E91D6CB}.AppStore|x64.Build.0 = Release|x64
		{D567214B-7FA8-44BD-8889-35636E91D6CB}.AppStore|x64.Deploy.0 = Release|x64
		{D567214B-7FA8-44BD-8889-35636E91D6CB}.AppStore|x86.ActiveCfg = Release|x86
		{D567214B-7FA8-44BD-8889-35636E91D6CB}.AppStore|x86.Build.0 = Release|x86
		{D567214B-7FA8-44BD-8889-35636E91D6CB}.AppStore|x86.Deploy.0 = Release|x86
		{D567214B-7FA8-44BD-8889-35636E91D6CB}.Debug|Any CPU.ActiveCfg = Debug|x86
		{D567214B-7FA8-44BD-8889-35636E91D6CB}.Debug|ARM.ActiveCfg = Debug|ARM
		{D567214B-7FA8-44BD-8889-35636E91D6CB}.Debug|ARM.Build.0 = Debug|ARM
		{D567214B-7FA8-44BD-8889-35636E91D6CB}.Debug|ARM.Deploy.0 = Debug|ARM
		{D567214B-7FA8-44BD-8889-35636E91D6CB}.Debug|iPhone.ActiveCfg = Debug|x86
		{D567214B-7FA8-44BD-8889-35636E91D6CB}.Debug|iPhoneSimulator.ActiveCfg = Debug|x86
		{D567214B-7FA8-44BD-8889-35636E91D6CB}.Debug|x64.ActiveCfg = Debug|x64
		{D567214B-7FA8-44BD-8889-35636E91D6CB}.Debug|x64.Build.0 = Debug|x64
		{D567214B-7FA8-44BD-8889-35636E91D6CB}.Debug|x64.Deploy.0 = Debug|x64
		{D567214B-7FA8-44BD-8889-35636E91D6CB}.Debug|x86.ActiveCfg = Debug|x86
		{D567214B-7FA8-44BD-8889-35636E91D6CB}.Debug|x86.Build.0 = Debug|x86
		{D567214B-7FA8-44BD-8889-35636E91D6CB}.Debug|x86.Deploy.0 = Debug|x86
		{D567214B-7FA8-44BD-8889-35636E91D6CB}.Release|Any CPU.ActiveCfg = Release|x86
		{D567214B-7FA8-44BD-8889-35636E91D6CB}.Release|ARM.ActiveCfg = Release|ARM
		{D567214B-7FA8-44BD-8889-35636E91D6CB}.Release|ARM.Build.0 = Release|ARM
		{D567214B-7FA8-44BD-8889-35636E91D6CB}.Release|ARM.Deploy.0 = Release|ARM
		{D567214B-7FA8-44BD-8889-35636E91D6CB}.Release|iPhone.ActiveCfg = Release|x86
		{D567214B-7FA8-44BD-8889-35636E91D6CB}.Release|iPhoneSimulator.ActiveCfg = Release|x86
		{D567214B-7FA8-44BD-8889-35636E91D6CB}.Release|x64.ActiveCfg = Release|x64
		{D567214B-7FA8-44BD-8889-35636E91D6CB}.Release|x64.Build.0 = Release|x64
		{D567214B-7FA8-44BD-8889-35636E91D6CB}.Release|x64.Deploy.0 = Release|x64
		{D567214B-7FA8-44BD-8889-35636E91D6CB}.Release|x86.ActiveCfg = Release|x86
		{D567214B-7FA8-44BD-8889-35636E91D6CB}.Release|x86.Build.0 = Release|x86
		{D567214B-7FA8-44BD-8889-35636E91D6CB}.Release|x86.Deploy.0 = Release|x86
		{6D7EFF79-09B7-4E3F-94F0-288EB806DEF6}.Ad-Hoc|Any CPU.ActiveCfg = Release|Any CPU
		{6D7EFF79-09B7-4E3F-94F0-288EB806DEF6}.Ad-Hoc|Any CPU.Build.0 = Release|Any CPU
		{6D7EFF79-09B7-4E3F-94F0-288EB806DEF6}.Ad-Hoc|Any CPU.Deploy.0 = Release|Any CPU
		{6D7EFF79-09B7-4E3F-94F0-288EB806DEF6}.Ad-Hoc|ARM.ActiveCfg = Release|ARM
		{6D7EFF79-09B7-4E3F-94F0-288EB806DEF6}.Ad-Hoc|ARM.Build.0 = Release|ARM
		{6D7EFF79-09B7-4E3F-94F0-288EB806DEF6}.Ad-Hoc|ARM.Deploy.0 = Release|ARM
		{6D7EFF79-09B7-4E3F-94F0-288EB806DEF6}.Ad-Hoc|iPhone.ActiveCfg = Release|Any CPU
		{6D7EFF79-09B7-4E3F-94F0-288EB806DEF6}.Ad-Hoc|iPhone.Build.0 = Release|Any CPU
		{6D7EFF79-09B7-4E3F-94F0-288EB806DEF6}.Ad-Hoc|iPhone.Deploy.0 = Release|Any CPU
		{6D7EFF79-09B7-4E3F-94F0-288EB806DEF6}.Ad-Hoc|iPhoneSimulator.ActiveCfg = Release|Any CPU
		{6D7EFF79-09B7-4E3F-94F0-288EB806DEF6}.Ad-Hoc|iPhoneSimulator.Build.0 = Release|Any CPU
		{6D7EFF79-09B7-4E3F-94F0-288EB806DEF6}.Ad-Hoc|iPhoneSimulator.Deploy.0 = Release|Any CPU
		{6D7EFF79-09B7-4E3F-94F0-288EB806DEF6}.Ad-Hoc|x64.ActiveCfg = Release|x64
		{6D7EFF79-09B7-4E3F-94F0-288EB806DEF6}.Ad-Hoc|x64.Build.0 = Release|x64
		{6D7EFF79-09B7-4E3F-94F0-288EB806DEF6}.Ad-Hoc|x64.Deploy.0 = Release|x64
		{6D7EFF79-09B7-4E3F-94F0-288EB806DEF6}.Ad-Hoc|x86.ActiveCfg = Release|x86
		{6D7EFF79-09B7-4E3F-94F0-288EB806DEF6}.Ad-Hoc|x86.Build.0 = Release|x86
		{6D7EFF79-09B7-4E3F-94F0-288EB806DEF6}.Ad-Hoc|x86.Deploy.0 = Release|x86
		{6D7EFF79-09B7-4E3F-94F0-288EB806DEF6}.AppStore|Any CPU.ActiveCfg = Release|Any CPU
		{6D7EFF79-09B7-4E3F-94F0-288EB806DEF6}.AppStore|Any CPU.Build.0 = Release|Any CPU
		{6D7EFF79-09B7-4E3F-94F0-288EB806DEF6}.AppStore|Any CPU.Deploy.0 = Release|Any CPU
		{6D7EFF79-09B7-4E3F-94F0-288EB806DEF6}.AppStore|ARM.ActiveCfg = Release|ARM
		{6D7EFF79-09B7-4E3F-94F0-288EB806DEF6}.AppStore|ARM.Build.0 = Release|ARM
		{6D7EFF79-09B7-4E3F-94F0-288EB806DEF6}.AppStore|ARM.Deploy.0 = Release|ARM
		{6D7EFF79-09B7-4E3F-94F0-288EB806DEF6}.AppStore|iPhone.ActiveCfg = Release|Any CPU
		{6D7EFF79-09B7-4E3F-94F0-288EB806DEF6}.AppStore|iPhone.Build.0 = Release|Any CPU
		{6D7EFF79-09B7-4E3F-94F0-288EB806DEF6}.AppStore|iPhone.Deploy.0 = Release|Any CPU
		{6D7EFF79-09B7-4E3F-94F0-288EB806DEF6}.AppStore|iPhoneSimulator.ActiveCfg = Release|Any CPU
		{6D7EFF79-09B7-4E3F-94F0-288EB806DEF6}.AppStore|iPhoneSimulator.Build.0 = Release|Any CPU
		{6D7EFF79-09B7-4E3F-94F0-288EB806DEF6}.AppStore|iPhoneSimulator.Deploy.0 = Release|Any CPU
		{6D7EFF79-09B7-4E3F-94F0-288EB806DEF6}.AppStore|x64.ActiveCfg = Release|x64
		{6D7EFF79-09B7-4E3F-94F0-288EB806DEF6}.AppStore|x64.Build.0 = Release|x64
		{6D7EFF79-09B7-4E3F-94F0-288EB806DEF6}.AppStore|x64.Deploy.0 = Release|x64
		{6D7EFF79-09B7-4E3F-94F0-288EB806DEF6}.AppStore|x86.ActiveCfg = Release|x86
		{6D7EFF79-09B7-4E3F-94F0-288EB806DEF6}.AppStore|x86.Build.0 = Release|x86
		{6D7EFF79-09B7-4E3F-94F0-288EB806DEF6}.AppStore|x86.Deploy.0 = Release|x86
		{6D7EFF79-09B7-4E3F-94F0-288EB806DEF6}.Debug|Any CPU.ActiveCfg = Debug|Any CPU
		{6D7EFF79-09B7-4E3F-94F0-288EB806DEF6}.Debug|Any CPU.Build.0 = Debug|Any CPU
		{6D7EFF79-09B7-4E3F-94F0-288EB806DEF6}.Debug|Any CPU.Deploy.0 = Debug|Any CPU
		{6D7EFF79-09B7-4E3F-94F0-288EB806DEF6}.Debug|ARM.ActiveCfg = Debug|ARM
		{6D7EFF79-09B7-4E3F-94F0-288EB806DEF6}.Debug|ARM.Build.0 = Debug|ARM
		{6D7EFF79-09B7-4E3F-94F0-288EB806DEF6}.Debug|ARM.Deploy.0 = Debug|ARM
		{6D7EFF79-09B7-4E3F-94F0-288EB806DEF6}.Debug|iPhone.ActiveCfg = Debug|Any CPU
		{6D7EFF79-09B7-4E3F-94F0-288EB806DEF6}.Debug|iPhone.Build.0 = Debug|Any CPU
		{6D7EFF79-09B7-4E3F-94F0-288EB806DEF6}.Debug|iPhone.Deploy.0 = Debug|Any CPU
		{6D7EFF79-09B7-4E3F-94F0-288EB806DEF6}.Debug|iPhoneSimulator.ActiveCfg = Debug|Any CPU
		{6D7EFF79-09B7-4E3F-94F0-288EB806DEF6}.Debug|iPhoneSimulator.Build.0 = Debug|Any CPU
		{6D7EFF79-09B7-4E3F-94F0-288EB806DEF6}.Debug|iPhoneSimulator.Deploy.0 = Debug|Any CPU
		{6D7EFF79-09B7-4E3F-94F0-288EB806DEF6}.Debug|x64.ActiveCfg = Debug|x64
		{6D7EFF79-09B7-4E3F-94F0-288EB806DEF6}.Debug|x64.Build.0 = Debug|x64
		{6D7EFF79-09B7-4E3F-94F0-288EB806DEF6}.Debug|x64.Deploy.0 = Debug|x64
		{6D7EFF79-09B7-4E3F-94F0-288EB806DEF6}.Debug|x86.ActiveCfg = Debug|x86
		{6D7EFF79-09B7-4E3F-94F0-288EB806DEF6}.Debug|x86.Build.0 = Debug|x86
		{6D7EFF79-09B7-4E3F-94F0-288EB806DEF6}.Debug|x86.Deploy.0 = Debug|x86
		{6D7EFF79-09B7-4E3F-94F0-288EB806DEF6}.Release|Any CPU.ActiveCfg = Release|Any CPU
		{6D7EFF79-09B7-4E3F-94F0-288EB806DEF6}.Release|Any CPU.Build.0 = Release|Any CPU
		{6D7EFF79-09B7-4E3F-94F0-288EB806DEF6}.Release|Any CPU.Deploy.0 = Release|Any CPU
		{6D7EFF79-09B7-4E3F-94F0-288EB806DEF6}.Release|ARM.ActiveCfg = Release|ARM
		{6D7EFF79-09B7-4E3F-94F0-288EB806DEF6}.Release|ARM.Build.0 = Release|ARM
		{6D7EFF79-09B7-4E3F-94F0-288EB806DEF6}.Release|ARM.Deploy.0 = Release|ARM
		{6D7EFF79-09B7-4E3F-94F0-288EB806DEF6}.Release|iPhone.ActiveCfg = Release|Any CPU
		{6D7EFF79-09B7-4E3F-94F0-288EB806DEF6}.Release|iPhone.Build.0 = Release|Any CPU
		{6D7EFF79-09B7-4E3F-94F0-288EB806DEF6}.Release|iPhone.Deploy.0 = Release|Any CPU
		{6D7EFF79-09B7-4E3F-94F0-288EB806DEF6}.Release|iPhoneSimulator.ActiveCfg = Release|Any CPU
		{6D7EFF79-09B7-4E3F-94F0-288EB806DEF6}.Release|iPhoneSimulator.Build.0 = Release|Any CPU
		{6D7EFF79-09B7-4E3F-94F0-288EB806DEF6}.Release|iPhoneSimulator.Deploy.0 = Release|Any CPU
		{6D7EFF79-09B7-4E3F-94F0-288EB806DEF6}.Release|x64.ActiveCfg = Release|x64
		{6D7EFF79-09B7-4E3F-94F0-288EB806DEF6}.Release|x64.Build.0 = Release|x64
		{6D7EFF79-09B7-4E3F-94F0-288EB806DEF6}.Release|x64.Deploy.0 = Release|x64
		{6D7EFF79-09B7-4E3F-94F0-288EB806DEF6}.Release|x86.ActiveCfg = Release|x86
		{6D7EFF79-09B7-4E3F-94F0-288EB806DEF6}.Release|x86.Build.0 = Release|x86
		{6D7EFF79-09B7-4E3F-94F0-288EB806DEF6}.Release|x86.Deploy.0 = Release|x86
	EndGlobalSection
	GlobalSection(SolutionProperties) = preSolution
		HideSolutionNode = FALSE
	EndGlobalSection
EndGlobal
